{
  "version": 4,
  "terraform_version": "0.15.0",
  "serial": 431,
  "lineage": "ca418ed4-e590-44fc-21a0-2781a2221dce",
  "outputs": {
    "cluster_endpoint": {
      "value": "https://BF1DDFE95A994B09CC3728165679E948.yl4.us-west-1.eks.amazonaws.com",
      "type": "string"
    },
    "cluster_id": {
      "value": "cluster-ayushsbankuno-8Jy5fNo3",
      "type": "string"
    },
    "cluster_name": {
      "value": "cluster-ayushsbankuno-8Jy5fNo3",
      "type": "string"
    },
    "cluster_security_group_id": {
      "value": "sg-07c33a99e76d090fd",
      "type": "string"
    },
    "config_map_aws_auth": {
      "value": [
        {
          "binary_data": null,
          "data": {
            "mapAccounts": "[]\n",
            "mapRoles": "- \"groups\":\n  - \"system:bootstrappers\"\n  - \"system:nodes\"\n  \"rolearn\": \"arn:aws:iam::079825609440:role/cluster-ayushsbankuno-8Jy5fNo32021100809314620560000000c\"\n  \"username\": \"system:node:{{EC2PrivateDNSName}}\"\n",
            "mapUsers": "[]\n"
          },
          "id": "kube-system/aws-auth",
          "metadata": [
            {
              "annotations": null,
              "generate_name": "",
              "generation": 0,
              "labels": {
                "app.kubernetes.io/managed-by": "Terraform",
                "terraform.io/module": "terraform-aws-modules.eks.aws"
              },
              "name": "aws-auth",
              "namespace": "kube-system",
              "resource_version": "1710",
              "uid": "aea9f945-6d38-42dc-9ee8-bb932d79d452"
            }
          ]
        }
      ],
      "type": [
        "tuple",
        [
          [
            "object",
            {
              "binary_data": [
                "map",
                "string"
              ],
              "data": [
                "map",
                "string"
              ],
              "id": "string",
              "metadata": [
                "list",
                [
                  "object",
                  {
                    "annotations": [
                      "map",
                      "string"
                    ],
                    "generate_name": "string",
                    "generation": "number",
                    "labels": [
                      "map",
                      "string"
                    ],
                    "name": "string",
                    "namespace": "string",
                    "resource_version": "string",
                    "uid": "string"
                  }
                ]
              ]
            }
          ]
        ]
      ]
    },
    "kubectl_config": {
      "value": "apiVersion: v1\npreferences: {}\nkind: Config\n\nclusters:\n- cluster:\n    server: https://BF1DDFE95A994B09CC3728165679E948.yl4.us-west-1.eks.amazonaws.com\n    certificate-authority-data: LS0tLS1CRUdJTiBDRVJUSUZJQ0FURS0tLS0tCk1JSUN5RENDQWJDZ0F3SUJBZ0lCQURBTkJna3Foa2lHOXcwQkFRc0ZBREFWTVJNd0VRWURWUVFERXdwcmRXSmwKY201bGRHVnpNQjRYRFRJeE1UQXdPREE1TWpFek1Gb1hEVE14TVRBd05qQTVNakV6TUZvd0ZURVRNQkVHQTFVRQpBeE1LYTNWaVpYSnVaWFJsY3pDQ0FTSXdEUVlKS29aSWh2Y05BUUVCQlFBRGdnRVBBRENDQVFvQ2dnRUJBTHZJCldkQUhnSERZditkT3lUekJScjg1eUR4NXhhdCtaa3hYRWRwQnlFZERJOHZVd3RQYVVDSHBFQ0xMeWpONmw5eSsKd0tvZWlSTG44MFJkTEhwS1RUZnA2a2dUMzlIZ0hOcG5aOUlEYTUrdVlJSkMzMW4xejlzVStXR1ZPdk1sUEdFbQpqSFhEMXpPU3hERWwxMlB5YVBmNStZSjJxdklOUjF5SXlvNTQxcFZaODREU3lxQVdKbUwxYy9icHpMVkhReWV5CkxaZEErN0loYXhZTm54VTZzVno4N3AzZUwrNW1wZTJiK2tXTlMwWUtIcHphWlZaTXJKMlhoV1dQVW1RaEpmRXgKcHl6cFVkTWdnZEZ5VUdMcmRWb21IWlNRYnNDN2dEWG1CTjhCWVBTTS8zN0ZBOGY3VGt5THg2SzlON1pOSmtLcAp6QmgxRmNQaTBtK0VRbCtOUjJrQ0F3RUFBYU1qTUNFd0RnWURWUjBQQVFIL0JBUURBZ0trTUE4R0ExVWRFd0VCCi93UUZNQU1CQWY4d0RRWUpLb1pJaHZjTkFRRUxCUUFEZ2dFQkFIaEg4TTNDSVNnejRvVHY4NWgwbzUzcjVnaisKY2k3RHQ5cWY0RDFxMFBHZ0hBKzk2eTRxNzRPaHI0RmVOWEIzODRUNXI5aDUzWk1lT2M5V212cnY3RGJuT1V3bwpQTHhkTzZGWmg0M2hRU3JXczJaTjEycVArenIrVTh0cVV1bFpxMW56T3kxQVhWaHVHMm82Wi82SEJic1duVnFPCm94cVQ1L2NRbVVaclFLRkFNcmpNa2Y2dlRIRFFSTVlTdTBMRUJJR1VhTWNPRXdRVFo5eWpZOGxHbTcvZjg2U1gKVGlOZTlnckM4MFJDUGxtUkwvVnJaUnNyM3ZkR1F3b202ZTVxNEtCb0wvRTBUS01lTVhJLzNRQmdJYnllaFlXZQpMT3hMK28zYkxXVEN1OEV1MjBLdDhqam5vT2x6Sit1WFRmSGNzeWxXV1Nvdy9OeVloQXhLWGsvNmxlQT0KLS0tLS1FTkQgQ0VSVElGSUNBVEUtLS0tLQo=\n  name: eks_cluster-ayushsbankuno-8Jy5fNo3\n\ncontexts:\n- context:\n    cluster: eks_cluster-ayushsbankuno-8Jy5fNo3\n    user: eks_cluster-ayushsbankuno-8Jy5fNo3\n  name: eks_cluster-ayushsbankuno-8Jy5fNo3\n\ncurrent-context: eks_cluster-ayushsbankuno-8Jy5fNo3\n\nusers:\n- name: eks_cluster-ayushsbankuno-8Jy5fNo3\n  user:\n    exec:\n      apiVersion: client.authentication.k8s.io/v1alpha1\n      command: aws-iam-authenticator\n      args:\n        - \"token\"\n        - \"-i\"\n        - \"cluster-ayushsbankuno-8Jy5fNo3\"\n",
      "type": "string"
    },
    "region": {
      "value": "us-west-1",
      "type": "string"
    },
    "s3_bucket_arn": {
      "value": "arn:aws:s3:::s3-dev-ayushsbankuno",
      "type": "string"
    },
    "s3_bucket_bucket_domain_name": {
      "value": "s3-dev-ayushsbankuno.s3.amazonaws.com",
      "type": "string"
    },
    "s3_bucket_bucket_regional_domain_name": {
      "value": "s3-dev-ayushsbankuno.s3.us-west-1.amazonaws.com",
      "type": "string"
    },
    "s3_bucket_hosted_zone_id": {
      "value": "Z2F56UZL2M1ACD",
      "type": "string"
    },
    "s3_bucket_id": {
      "value": "s3-dev-ayushsbankuno",
      "type": "string"
    },
    "s3_bucket_region": {
      "value": "us-west-1",
      "type": "string"
    },
    "user_id": {
      "value": "ayushs",
      "type": "string"
    }
  },
  "resources": [
    {
      "mode": "data",
      "type": "aws_availability_zones",
      "name": "available",
      "provider": "provider[\"registry.terraform.io/hashicorp/aws\"]",
      "instances": [
        {
          "schema_version": 0,
          "attributes": {
            "all_availability_zones": null,
            "exclude_names": null,
            "exclude_zone_ids": null,
            "filter": null,
            "group_names": [
              "us-west-1"
            ],
            "id": "us-west-1",
            "names": [
              "us-west-1a",
              "us-west-1c"
            ],
            "state": null,
            "zone_ids": [
              "usw1-az1",
              "usw1-az3"
            ]
          },
          "sensitive_attributes": []
        }
      ]
    },
    {
      "mode": "data",
      "type": "aws_eks_cluster",
      "name": "cluster",
      "provider": "provider[\"registry.terraform.io/hashicorp/aws\"]",
      "instances": [
        {
          "schema_version": 0,
          "attributes": {
            "arn": "arn:aws:eks:us-west-1:079825609440:cluster/cluster-ayushsbankuno-8Jy5fNo3",
            "certificate_authority": [
              {
                "data": "LS0tLS1CRUdJTiBDRVJUSUZJQ0FURS0tLS0tCk1JSUN5RENDQWJDZ0F3SUJBZ0lCQURBTkJna3Foa2lHOXcwQkFRc0ZBREFWTVJNd0VRWURWUVFERXdwcmRXSmwKY201bGRHVnpNQjRYRFRJeE1UQXdPREE1TWpFek1Gb1hEVE14TVRBd05qQTVNakV6TUZvd0ZURVRNQkVHQTFVRQpBeE1LYTNWaVpYSnVaWFJsY3pDQ0FTSXdEUVlKS29aSWh2Y05BUUVCQlFBRGdnRVBBRENDQVFvQ2dnRUJBTHZJCldkQUhnSERZditkT3lUekJScjg1eUR4NXhhdCtaa3hYRWRwQnlFZERJOHZVd3RQYVVDSHBFQ0xMeWpONmw5eSsKd0tvZWlSTG44MFJkTEhwS1RUZnA2a2dUMzlIZ0hOcG5aOUlEYTUrdVlJSkMzMW4xejlzVStXR1ZPdk1sUEdFbQpqSFhEMXpPU3hERWwxMlB5YVBmNStZSjJxdklOUjF5SXlvNTQxcFZaODREU3lxQVdKbUwxYy9icHpMVkhReWV5CkxaZEErN0loYXhZTm54VTZzVno4N3AzZUwrNW1wZTJiK2tXTlMwWUtIcHphWlZaTXJKMlhoV1dQVW1RaEpmRXgKcHl6cFVkTWdnZEZ5VUdMcmRWb21IWlNRYnNDN2dEWG1CTjhCWVBTTS8zN0ZBOGY3VGt5THg2SzlON1pOSmtLcAp6QmgxRmNQaTBtK0VRbCtOUjJrQ0F3RUFBYU1qTUNFd0RnWURWUjBQQVFIL0JBUURBZ0trTUE4R0ExVWRFd0VCCi93UUZNQU1CQWY4d0RRWUpLb1pJaHZjTkFRRUxCUUFEZ2dFQkFIaEg4TTNDSVNnejRvVHY4NWgwbzUzcjVnaisKY2k3RHQ5cWY0RDFxMFBHZ0hBKzk2eTRxNzRPaHI0RmVOWEIzODRUNXI5aDUzWk1lT2M5V212cnY3RGJuT1V3bwpQTHhkTzZGWmg0M2hRU3JXczJaTjEycVArenIrVTh0cVV1bFpxMW56T3kxQVhWaHVHMm82Wi82SEJic1duVnFPCm94cVQ1L2NRbVVaclFLRkFNcmpNa2Y2dlRIRFFSTVlTdTBMRUJJR1VhTWNPRXdRVFo5eWpZOGxHbTcvZjg2U1gKVGlOZTlnckM4MFJDUGxtUkwvVnJaUnNyM3ZkR1F3b202ZTVxNEtCb0wvRTBUS01lTVhJLzNRQmdJYnllaFlXZQpMT3hMK28zYkxXVEN1OEV1MjBLdDhqam5vT2x6Sit1WFRmSGNzeWxXV1Nvdy9OeVloQXhLWGsvNmxlQT0KLS0tLS1FTkQgQ0VSVElGSUNBVEUtLS0tLQo="
              }
            ],
            "created_at": "2021-10-08 09:15:33.532 +0000 UTC",
            "enabled_cluster_log_types": [],
            "endpoint": "https://BF1DDFE95A994B09CC3728165679E948.yl4.us-west-1.eks.amazonaws.com",
            "id": "cluster-ayushsbankuno-8Jy5fNo3",
            "identity": [
              {
                "oidc": [
                  {
                    "issuer": "https://oidc.eks.us-west-1.amazonaws.com/id/BF1DDFE95A994B09CC3728165679E948"
                  }
                ]
              }
            ],
            "kubernetes_network_config": [
              {
                "service_ipv4_cidr": "10.100.0.0/16"
              }
            ],
            "name": "cluster-ayushsbankuno-8Jy5fNo3",
            "platform_version": "eks.8",
            "role_arn": "arn:aws:iam::079825609440:role/cluster-ayushsbankuno-8Jy5fNo320211008091448029500000002",
            "status": "ACTIVE",
            "tags": {
              "Environment": "dev",
              "Project": "ayushsbankuno"
            },
            "version": "1.18",
            "vpc_config": [
              {
                "cluster_security_group_id": "sg-0f682d6df7c15a5a2",
                "endpoint_private_access": false,
                "endpoint_public_access": true,
                "public_access_cidrs": [
                  "0.0.0.0/0"
                ],
                "security_group_ids": [
                  "sg-07c33a99e76d090fd"
                ],
                "subnet_ids": [
                  "subnet-00ab12afb41887b73",
                  "subnet-04d17589c7e6597af",
                  "subnet-069a263b94dfbe5bb"
                ],
                "vpc_id": "vpc-06fb76e1400c39479"
              }
            ]
          },
          "sensitive_attributes": []
        }
      ]
    },
    {
      "mode": "data",
      "type": "aws_eks_cluster_auth",
      "name": "cluster",
      "provider": "provider[\"registry.terraform.io/hashicorp/aws\"]",
      "instances": [
        {
          "schema_version": 0,
          "attributes": {
            "id": "cluster-ayushsbankuno-8Jy5fNo3",
            "name": "cluster-ayushsbankuno-8Jy5fNo3",
            "token": "k8s-aws-v1.aHR0cHM6Ly9zdHMuYW1hem9uYXdzLmNvbS8_QWN0aW9uPUdldENhbGxlcklkZW50aXR5JlZlcnNpb249MjAxMS0wNi0xNSZYLUFtei1BbGdvcml0aG09QVdTNC1ITUFDLVNIQTI1NiZYLUFtei1DcmVkZW50aWFsPUFLSUFSRkZQMkVMUUtCT0dBQjZPJTJGMjAyMTEwMDglMkZ1cy1lYXN0LTElMkZzdHMlMkZhd3M0X3JlcXVlc3QmWC1BbXotRGF0ZT0yMDIxMTAwOFQwOTMxNDdaJlgtQW16LUV4cGlyZXM9MCZYLUFtei1TaWduZWRIZWFkZXJzPWhvc3QlM0J4LWs4cy1hd3MtaWQmWC1BbXotU2lnbmF0dXJlPTg2YWQ2OThkOGJkMjhkMWMyMjhlZmFhNjU2Mzg1MDlmOGUzZmRhMzg2NTlmZTAzZDIzZWE3OTAxMzdhM2ViMjE"
          },
          "sensitive_attributes": []
        }
      ]
    },
    {
      "mode": "managed",
      "type": "aws_security_group",
      "name": "all_worker_mgmt",
      "provider": "provider[\"registry.terraform.io/hashicorp/aws\"]",
      "instances": [
        {
          "schema_version": 1,
          "attributes": {
            "arn": "arn:aws:ec2:us-west-1:079825609440:security-group/sg-0be764834d03c3ee2",
            "description": "Managed by Terraform",
            "egress": [],
            "id": "sg-0be764834d03c3ee2",
            "ingress": [
              {
                "cidr_blocks": [
                  "10.0.0.0/8",
                  "172.16.0.0/12",
                  "192.168.0.0/16"
                ],
                "description": "",
                "from_port": 22,
                "ipv6_cidr_blocks": [],
                "prefix_list_ids": [],
                "protocol": "tcp",
                "security_groups": [],
                "self": false,
                "to_port": 22
              }
            ],
            "name": "all_worker_management20211008091513239800000009",
            "name_prefix": "all_worker_management",
            "owner_id": "079825609440",
            "revoke_rules_on_delete": false,
            "tags": null,
            "tags_all": {},
            "timeouts": null,
            "vpc_id": "vpc-06fb76e1400c39479"
          },
          "sensitive_attributes": [],
          "private": "eyJlMmJmYjczMC1lY2FhLTExZTYtOGY4OC0zNDM2M2JjN2M0YzAiOnsiY3JlYXRlIjo2MDAwMDAwMDAwMDAsImRlbGV0ZSI6OTAwMDAwMDAwMDAwfSwic2NoZW1hX3ZlcnNpb24iOiIxIn0=",
          "dependencies": [
            "module.vpc.aws_vpc.this",
            "random_string.suffix"
          ]
        }
      ]
    },
    {
      "mode": "managed",
      "type": "aws_security_group",
      "name": "worker_group_mgmt_one",
      "provider": "provider[\"registry.terraform.io/hashicorp/aws\"]",
      "instances": [
        {
          "schema_version": 1,
          "attributes": {
            "arn": "arn:aws:ec2:us-west-1:079825609440:security-group/sg-0ee7d2935ef5e7f81",
            "description": "Managed by Terraform",
            "egress": [],
            "id": "sg-0ee7d2935ef5e7f81",
            "ingress": [
              {
                "cidr_blocks": [
                  "10.0.0.0/8"
                ],
                "description": "",
                "from_port": 22,
                "ipv6_cidr_blocks": [],
                "prefix_list_ids": [],
                "protocol": "tcp",
                "security_groups": [],
                "self": false,
                "to_port": 22
              }
            ],
            "name": "worker_group_mgmt_one20211008091513239500000008",
            "name_prefix": "worker_group_mgmt_one",
            "owner_id": "079825609440",
            "revoke_rules_on_delete": false,
            "tags": null,
            "tags_all": {},
            "timeouts": null,
            "vpc_id": "vpc-06fb76e1400c39479"
          },
          "sensitive_attributes": [],
          "private": "eyJlMmJmYjczMC1lY2FhLTExZTYtOGY4OC0zNDM2M2JjN2M0YzAiOnsiY3JlYXRlIjo2MDAwMDAwMDAwMDAsImRlbGV0ZSI6OTAwMDAwMDAwMDAwfSwic2NoZW1hX3ZlcnNpb24iOiIxIn0=",
          "dependencies": [
            "module.vpc.aws_vpc.this",
            "random_string.suffix"
          ],
          "create_before_destroy": true
        }
      ]
    },
    {
      "mode": "managed",
      "type": "aws_security_group",
      "name": "worker_group_mgmt_two",
      "provider": "provider[\"registry.terraform.io/hashicorp/aws\"]",
      "instances": [
        {
          "schema_version": 1,
          "attributes": {
            "arn": "arn:aws:ec2:us-west-1:079825609440:security-group/sg-04243dad6a10c88c0",
            "description": "Managed by Terraform",
            "egress": [],
            "id": "sg-04243dad6a10c88c0",
            "ingress": [
              {
                "cidr_blocks": [
                  "192.168.0.0/16"
                ],
                "description": "",
                "from_port": 22,
                "ipv6_cidr_blocks": [],
                "prefix_list_ids": [],
                "protocol": "tcp",
                "security_groups": [],
                "self": false,
                "to_port": 22
              }
            ],
            "name": "worker_group_mgmt_two20211008091513239300000007",
            "name_prefix": "worker_group_mgmt_two",
            "owner_id": "079825609440",
            "revoke_rules_on_delete": false,
            "tags": null,
            "tags_all": {},
            "timeouts": null,
            "vpc_id": "vpc-06fb76e1400c39479"
          },
          "sensitive_attributes": [],
          "private": "eyJlMmJmYjczMC1lY2FhLTExZTYtOGY4OC0zNDM2M2JjN2M0YzAiOnsiY3JlYXRlIjo2MDAwMDAwMDAwMDAsImRlbGV0ZSI6OTAwMDAwMDAwMDAwfSwic2NoZW1hX3ZlcnNpb24iOiIxIn0=",
          "dependencies": [
            "module.vpc.aws_vpc.this",
            "random_string.suffix"
          ],
          "create_before_destroy": true
        }
      ]
    },
    {
      "mode": "managed",
      "type": "random_string",
      "name": "suffix",
      "provider": "provider[\"registry.terraform.io/hashicorp/random\"]",
      "instances": [
        {
          "schema_version": 1,
          "attributes": {
            "id": "8Jy5fNo3",
            "keepers": null,
            "length": 8,
            "lower": true,
            "min_lower": 0,
            "min_numeric": 0,
            "min_special": 0,
            "min_upper": 0,
            "number": true,
            "override_special": null,
            "result": "8Jy5fNo3",
            "special": false,
            "upper": true
          },
          "sensitive_attributes": [],
          "private": "eyJzY2hlbWFfdmVyc2lvbiI6IjEifQ==",
          "create_before_destroy": true
        }
      ]
    },
    {
      "module": "module.eks",
      "mode": "data",
      "type": "aws_ami",
      "name": "eks_worker",
      "provider": "provider[\"registry.terraform.io/hashicorp/aws\"]",
      "instances": [
        {
          "index_key": 0,
          "schema_version": 0,
          "attributes": {
            "architecture": "x86_64",
            "arn": "arn:aws:ec2:us-west-1::image/ami-077417f36e2c1ec63",
            "block_device_mappings": [
              {
                "device_name": "/dev/xvda",
                "ebs": {
                  "delete_on_termination": "true",
                  "encrypted": "false",
                  "iops": "0",
                  "snapshot_id": "snap-0805b7146205edbcb",
                  "throughput": "0",
                  "volume_size": "20",
                  "volume_type": "gp2"
                },
                "no_device": "",
                "virtual_name": ""
              }
            ],
            "creation_date": "2021-10-05T03:51:41.000Z",
            "description": "EKS Kubernetes Worker AMI with AmazonLinux2 image, (k8s: 1.18.20, docker: 20.10.7-3.amzn2, containerd: 1.4.6-3.amzn2)",
            "ena_support": true,
            "executable_users": null,
            "filter": [
              {
                "name": "name",
                "values": [
                  "amazon-eks-node-1.18-v*"
                ]
              }
            ],
            "hypervisor": "xen",
            "id": "ami-077417f36e2c1ec63",
            "image_id": "ami-077417f36e2c1ec63",
            "image_location": "amazon/amazon-eks-node-1.18-v20211004",
            "image_owner_alias": "amazon",
            "image_type": "machine",
            "kernel_id": null,
            "most_recent": true,
            "name": "amazon-eks-node-1.18-v20211004",
            "name_regex": null,
            "owner_id": "602401143452",
            "owners": [
              "amazon"
            ],
            "platform": null,
            "platform_details": "Linux/UNIX",
            "product_codes": [],
            "public": true,
            "ramdisk_id": null,
            "root_device_name": "/dev/xvda",
            "root_device_type": "ebs",
            "root_snapshot_id": "snap-0805b7146205edbcb",
            "sriov_net_support": "simple",
            "state": "available",
            "state_reason": {
              "code": "UNSET",
              "message": "UNSET"
            },
            "tags": {},
            "usage_operation": "RunInstances",
            "virtualization_type": "hvm"
          },
          "sensitive_attributes": []
        }
      ]
    },
    {
      "module": "module.eks",
      "mode": "data",
      "type": "aws_caller_identity",
      "name": "current",
      "provider": "provider[\"registry.terraform.io/hashicorp/aws\"]",
      "instances": [
        {
          "schema_version": 0,
          "attributes": {
            "account_id": "079825609440",
            "arn": "arn:aws:iam::079825609440:user/ayushs",
            "id": "079825609440",
            "user_id": "AIDARFFP2ELQJ5T2YRUID"
          },
          "sensitive_attributes": []
        }
      ]
    },
    {
      "module": "module.eks",
      "mode": "data",
      "type": "aws_iam_policy_document",
      "name": "cluster_assume_role_policy",
      "provider": "provider[\"registry.terraform.io/hashicorp/aws\"]",
      "instances": [
        {
          "schema_version": 0,
          "attributes": {
            "id": "2764486067",
            "json": "{\n  \"Version\": \"2012-10-17\",\n  \"Statement\": [\n    {\n      \"Sid\": \"EKSClusterAssumeRole\",\n      \"Effect\": \"Allow\",\n      \"Action\": \"sts:AssumeRole\",\n      \"Principal\": {\n        \"Service\": \"eks.amazonaws.com\"\n      }\n    }\n  ]\n}",
            "override_json": null,
            "override_policy_documents": null,
            "policy_id": null,
            "source_json": null,
            "source_policy_documents": null,
            "statement": [
              {
                "actions": [
                  "sts:AssumeRole"
                ],
                "condition": [],
                "effect": "Allow",
                "not_actions": [],
                "not_principals": [],
                "not_resources": [],
                "principals": [
                  {
                    "identifiers": [
                      "eks.amazonaws.com"
                    ],
                    "type": "Service"
                  }
                ],
                "resources": [],
                "sid": "EKSClusterAssumeRole"
              }
            ],
            "version": "2012-10-17"
          },
          "sensitive_attributes": []
        }
      ]
    },
    {
      "module": "module.eks",
      "mode": "data",
      "type": "aws_iam_policy_document",
      "name": "cluster_elb_sl_role_creation",
      "provider": "provider[\"registry.terraform.io/hashicorp/aws\"]",
      "instances": [
        {
          "index_key": 0,
          "schema_version": 0,
          "attributes": {
            "id": "3709839417",
            "json": "{\n  \"Version\": \"2012-10-17\",\n  \"Statement\": [\n    {\n      \"Sid\": \"\",\n      \"Effect\": \"Allow\",\n      \"Action\": [\n        \"ec2:DescribeInternetGateways\",\n        \"ec2:DescribeAddresses\",\n        \"ec2:DescribeAccountAttributes\"\n      ],\n      \"Resource\": \"*\"\n    }\n  ]\n}",
            "override_json": null,
            "override_policy_documents": null,
            "policy_id": null,
            "source_json": null,
            "source_policy_documents": null,
            "statement": [
              {
                "actions": [
                  "ec2:DescribeAccountAttributes",
                  "ec2:DescribeAddresses",
                  "ec2:DescribeInternetGateways"
                ],
                "condition": [],
                "effect": "Allow",
                "not_actions": [],
                "not_principals": [],
                "not_resources": [],
                "principals": [],
                "resources": [
                  "*"
                ],
                "sid": ""
              }
            ],
            "version": "2012-10-17"
          },
          "sensitive_attributes": []
        }
      ]
    },
    {
      "module": "module.eks",
      "mode": "data",
      "type": "aws_iam_policy_document",
      "name": "workers_assume_role_policy",
      "provider": "provider[\"registry.terraform.io/hashicorp/aws\"]",
      "instances": [
        {
          "schema_version": 0,
          "attributes": {
            "id": "3778018924",
            "json": "{\n  \"Version\": \"2012-10-17\",\n  \"Statement\": [\n    {\n      \"Sid\": \"EKSWorkerAssumeRole\",\n      \"Effect\": \"Allow\",\n      \"Action\": \"sts:AssumeRole\",\n      \"Principal\": {\n        \"Service\": \"ec2.amazonaws.com\"\n      }\n    }\n  ]\n}",
            "override_json": null,
            "override_policy_documents": null,
            "policy_id": null,
            "source_json": null,
            "source_policy_documents": null,
            "statement": [
              {
                "actions": [
                  "sts:AssumeRole"
                ],
                "condition": [],
                "effect": "Allow",
                "not_actions": [],
                "not_principals": [],
                "not_resources": [],
                "principals": [
                  {
                    "identifiers": [
                      "ec2.amazonaws.com"
                    ],
                    "type": "Service"
                  }
                ],
                "resources": [],
                "sid": "EKSWorkerAssumeRole"
              }
            ],
            "version": "2012-10-17"
          },
          "sensitive_attributes": []
        }
      ]
    },
    {
      "module": "module.eks",
      "mode": "data",
      "type": "aws_partition",
      "name": "current",
      "provider": "provider[\"registry.terraform.io/hashicorp/aws\"]",
      "instances": [
        {
          "schema_version": 0,
          "attributes": {
            "dns_suffix": "amazonaws.com",
            "id": "aws",
            "partition": "aws",
            "reverse_dns_prefix": "com.amazonaws"
          },
          "sensitive_attributes": []
        }
      ]
    },
    {
      "module": "module.eks",
      "mode": "data",
      "type": "http",
      "name": "wait_for_cluster",
      "provider": "provider[\"registry.terraform.io/terraform-aws-modules/http\"]",
      "instances": [
        {
          "index_key": 0,
          "schema_version": 0,
          "attributes": {
            "body": "ok",
            "ca_certificate": "-----BEGIN CERTIFICATE-----\nMIICyDCCAbCgAwIBAgIBADANBgkqhkiG9w0BAQsFADAVMRMwEQYDVQQDEwprdWJl\ncm5ldGVzMB4XDTIxMTAwODA5MjEzMFoXDTMxMTAwNjA5MjEzMFowFTETMBEGA1UE\nAxMKa3ViZXJuZXRlczCCASIwDQYJKoZIhvcNAQEBBQADggEPADCCAQoCggEBALvI\nWdAHgHDYv+dOyTzBRr85yDx5xat+ZkxXEdpByEdDI8vUwtPaUCHpECLLyjN6l9y+\nwKoeiRLn80RdLHpKTTfp6kgT39HgHNpnZ9IDa5+uYIJC31n1z9sU+WGVOvMlPGEm\njHXD1zOSxDEl12PyaPf5+YJ2qvINR1yIyo541pVZ84DSyqAWJmL1c/bpzLVHQyey\nLZdA+7IhaxYNnxU6sVz87p3eL+5mpe2b+kWNS0YKHpzaZVZMrJ2XhWWPUmQhJfEx\npyzpUdMggdFyUGLrdVomHZSQbsC7gDXmBN8BYPSM/37FA8f7TkyLx6K9N7ZNJkKp\nzBh1FcPi0m+EQl+NR2kCAwEAAaMjMCEwDgYDVR0PAQH/BAQDAgKkMA8GA1UdEwEB\n/wQFMAMBAf8wDQYJKoZIhvcNAQELBQADggEBAHhH8M3CISgz4oTv85h0o53r5gj+\nci7Dt9qf4D1q0PGgHA+96y4q74Ohr4FeNXB384T5r9h53ZMeOc9Wmvrv7DbnOUwo\nPLxdO6FZh43hQSrWs2ZN12qP+zr+U8tqUulZq1nzOy1AXVhuG2o6Z/6HBbsWnVqO\noxqT5/cQmUZrQKFAMrjMkf6vTHDQRMYSu0LEBIGUaMcOEwQTZ9yjY8lGm7/f86SX\nTiNe9grC80RCPlmRL/VrZRsr3vdGQwom6e5q4KBoL/E0TKMeMXI/3QBgIbyehYWe\nLOxL+o3bLWTCu8Eu20Kt8jjnoOlzJ+uXTfHcsylWWSow/NyYhAxKXk/6leA=\n-----END CERTIFICATE-----\n",
            "id": "https://BF1DDFE95A994B09CC3728165679E948.yl4.us-west-1.eks.amazonaws.com/healthz",
            "insecure": false,
            "request_headers": null,
            "response_headers": {
              "Cache-Control": "no-cache, private",
              "Content-Length": "2",
              "Content-Type": "text/plain; charset=utf-8",
              "Date": "Fri, 08 Oct 2021 09:31:47 GMT",
              "X-Content-Type-Options": "nosniff"
            },
            "timeout": 300,
            "url": "https://BF1DDFE95A994B09CC3728165679E948.yl4.us-west-1.eks.amazonaws.com/healthz"
          },
          "sensitive_attributes": []
        }
      ]
    },
    {
      "module": "module.eks",
      "mode": "managed",
      "type": "aws_autoscaling_group",
      "name": "workers",
      "provider": "provider[\"registry.terraform.io/hashicorp/aws\"]",
      "instances": [
        {
          "index_key": 0,
          "schema_version": 0,
          "attributes": {
            "arn": "arn:aws:autoscaling:us-west-1:079825609440:autoScalingGroup:e92854b8-2c66-4712-8d0a-29b1f1be8fbd:autoScalingGroupName/cluster-ayushsbankuno-8Jy5fNo3-worker-group-ayushsbankuno-worker-group-120211008093204218000000014",
            "availability_zones": [
              "us-west-1a",
              "us-west-1c"
            ],
            "capacity_rebalance": false,
            "default_cooldown": 300,
            "desired_capacity": 2,
            "enabled_metrics": null,
            "force_delete": false,
            "force_delete_warm_pool": false,
            "health_check_grace_period": 300,
            "health_check_type": "EC2",
            "id": "cluster-ayushsbankuno-8Jy5fNo3-worker-group-ayushsbankuno-worker-group-120211008093204218000000014",
            "initial_lifecycle_hook": [],
            "instance_refresh": [],
            "launch_configuration": "cluster-ayushsbankuno-8Jy5fNo3-worker-group-ayushsbankuno-worker-group-120211008093153752200000013",
            "launch_template": [],
            "load_balancers": null,
            "max_instance_lifetime": 0,
            "max_size": 3,
            "metrics_granularity": "1Minute",
            "min_elb_capacity": null,
            "min_size": 1,
            "mixed_instances_policy": [],
            "name": "cluster-ayushsbankuno-8Jy5fNo3-worker-group-ayushsbankuno-worker-group-120211008093204218000000014",
            "name_prefix": "cluster-ayushsbankuno-8Jy5fNo3-worker-group-ayushsbankuno-worker-group-1",
            "placement_group": "",
            "protect_from_scale_in": false,
            "service_linked_role_arn": "arn:aws:iam::079825609440:role/aws-service-role/autoscaling.amazonaws.com/AWSServiceRoleForAutoScaling",
            "suspended_processes": [
              "AZRebalance"
            ],
            "tag": [
              {
                "key": "Environment",
                "propagate_at_launch": true,
                "value": "dev"
              },
              {
                "key": "Name",
                "propagate_at_launch": true,
                "value": "cluster-ayushsbankuno-8Jy5fNo3-worker-group-ayushsbankuno-worker-group-1-eks_asg"
              },
              {
                "key": "Project",
                "propagate_at_launch": true,
                "value": "ayushsbankuno"
              },
              {
                "key": "k8s.io/cluster/cluster-ayushsbankuno-8Jy5fNo3",
                "propagate_at_launch": true,
                "value": "owned"
              },
              {
                "key": "kubernetes.io/cluster/cluster-ayushsbankuno-8Jy5fNo3",
                "propagate_at_launch": true,
                "value": "owned"
              }
            ],
            "tags": null,
            "target_group_arns": null,
            "termination_policies": [],
            "timeouts": null,
            "vpc_zone_identifier": [
              "subnet-00ab12afb41887b73",
              "subnet-04d17589c7e6597af",
              "subnet-069a263b94dfbe5bb"
            ],
            "wait_for_capacity_timeout": "10m",
            "wait_for_elb_capacity": null,
            "warm_pool": []
          },
          "sensitive_attributes": [],
          "private": "eyJlMmJmYjczMC1lY2FhLTExZTYtOGY4OC0zNDM2M2JjN2M0YzAiOnsiZGVsZXRlIjo2MDAwMDAwMDAwMDB9fQ==",
          "dependencies": [
            "aws_security_group.worker_group_mgmt_one",
            "aws_security_group.worker_group_mgmt_two",
            "data.aws_availability_zones.available",
            "module.eks.aws_cloudwatch_log_group.this",
            "module.eks.aws_eks_cluster.this",
            "module.eks.aws_iam_instance_profile.workers",
            "module.eks.aws_iam_role.cluster",
            "module.eks.aws_iam_role.workers",
            "module.eks.aws_iam_role_policy_attachment.cluster_AmazonEKSClusterPolicy",
            "module.eks.aws_iam_role_policy_attachment.cluster_AmazonEKSServicePolicy",
            "module.eks.aws_iam_role_policy_attachment.cluster_AmazonEKSVPCResourceControllerPolicy",
            "module.eks.aws_iam_role_policy_attachment.workers_AmazonEC2ContainerRegistryReadOnly",
            "module.eks.aws_iam_role_policy_attachment.workers_AmazonEKSWorkerNodePolicy",
            "module.eks.aws_iam_role_policy_attachment.workers_AmazonEKS_CNI_Policy",
            "module.eks.aws_iam_role_policy_attachment.workers_additional_policies",
            "module.eks.aws_launch_configuration.workers",
            "module.eks.aws_security_group.cluster",
            "module.eks.aws_security_group.workers",
            "module.eks.aws_security_group_rule.cluster_egress_internet",
            "module.eks.aws_security_group_rule.cluster_https_worker_ingress",
            "module.eks.aws_security_group_rule.cluster_primary_ingress_workers",
            "module.eks.aws_security_group_rule.workers_egress_internet",
            "module.eks.aws_security_group_rule.workers_ingress_cluster",
            "module.eks.aws_security_group_rule.workers_ingress_cluster_https",
            "module.eks.aws_security_group_rule.workers_ingress_cluster_kubelet",
            "module.eks.aws_security_group_rule.workers_ingress_cluster_primary",
            "module.eks.aws_security_group_rule.workers_ingress_self",
            "module.eks.data.aws_ami.eks_worker",
            "module.eks.data.aws_ami.eks_worker_windows",
            "module.eks.data.aws_iam_instance_profile.custom_worker_group_iam_instance_profile",
            "module.eks.data.aws_iam_policy_document.cluster_assume_role_policy",
            "module.eks.data.aws_iam_policy_document.workers_assume_role_policy",
            "module.eks.data.aws_iam_role.custom_cluster_iam_role",
            "module.eks.data.aws_partition.current",
            "module.vpc.aws_subnet.private",
            "module.vpc.aws_vpc.this",
            "module.vpc.aws_vpc_ipv4_cidr_block_association.this",
            "random_string.suffix"
          ],
          "create_before_destroy": true
        },
        {
          "index_key": 1,
          "schema_version": 0,
          "attributes": {
            "arn": "arn:aws:autoscaling:us-west-1:079825609440:autoScalingGroup:b6c1e07d-9867-419e-8e38-652ca7960b43:autoScalingGroupName/cluster-ayushsbankuno-8Jy5fNo3-worker-group-ayushsbankuno-worker-group-220211008093204218000000015",
            "availability_zones": [
              "us-west-1a",
              "us-west-1c"
            ],
            "capacity_rebalance": false,
            "default_cooldown": 300,
            "desired_capacity": 2,
            "enabled_metrics": null,
            "force_delete": false,
            "force_delete_warm_pool": false,
            "health_check_grace_period": 300,
            "health_check_type": "EC2",
            "id": "cluster-ayushsbankuno-8Jy5fNo3-worker-group-ayushsbankuno-worker-group-220211008093204218000000015",
            "initial_lifecycle_hook": [],
            "instance_refresh": [],
            "launch_configuration": "cluster-ayushsbankuno-8Jy5fNo3-worker-group-ayushsbankuno-worker-group-220211008093153752200000012",
            "launch_template": [],
            "load_balancers": null,
            "max_instance_lifetime": 0,
            "max_size": 3,
            "metrics_granularity": "1Minute",
            "min_elb_capacity": null,
            "min_size": 1,
            "mixed_instances_policy": [],
            "name": "cluster-ayushsbankuno-8Jy5fNo3-worker-group-ayushsbankuno-worker-group-220211008093204218000000015",
            "name_prefix": "cluster-ayushsbankuno-8Jy5fNo3-worker-group-ayushsbankuno-worker-group-2",
            "placement_group": "",
            "protect_from_scale_in": false,
            "service_linked_role_arn": "arn:aws:iam::079825609440:role/aws-service-role/autoscaling.amazonaws.com/AWSServiceRoleForAutoScaling",
            "suspended_processes": [
              "AZRebalance"
            ],
            "tag": [
              {
                "key": "Environment",
                "propagate_at_launch": true,
                "value": "dev"
              },
              {
                "key": "Name",
                "propagate_at_launch": true,
                "value": "cluster-ayushsbankuno-8Jy5fNo3-worker-group-ayushsbankuno-worker-group-2-eks_asg"
              },
              {
                "key": "Project",
                "propagate_at_launch": true,
                "value": "ayushsbankuno"
              },
              {
                "key": "k8s.io/cluster/cluster-ayushsbankuno-8Jy5fNo3",
                "propagate_at_launch": true,
                "value": "owned"
              },
              {
                "key": "kubernetes.io/cluster/cluster-ayushsbankuno-8Jy5fNo3",
                "propagate_at_launch": true,
                "value": "owned"
              }
            ],
            "tags": null,
            "target_group_arns": null,
            "termination_policies": [],
            "timeouts": null,
            "vpc_zone_identifier": [
              "subnet-00ab12afb41887b73",
              "subnet-04d17589c7e6597af",
              "subnet-069a263b94dfbe5bb"
            ],
            "wait_for_capacity_timeout": "10m",
            "wait_for_elb_capacity": null,
            "warm_pool": []
          },
          "sensitive_attributes": [],
          "private": "eyJlMmJmYjczMC1lY2FhLTExZTYtOGY4OC0zNDM2M2JjN2M0YzAiOnsiZGVsZXRlIjo2MDAwMDAwMDAwMDB9fQ==",
          "dependencies": [
            "aws_security_group.worker_group_mgmt_one",
            "aws_security_group.worker_group_mgmt_two",
            "data.aws_availability_zones.available",
            "module.eks.aws_cloudwatch_log_group.this",
            "module.eks.aws_eks_cluster.this",
            "module.eks.aws_iam_instance_profile.workers",
            "module.eks.aws_iam_role.cluster",
            "module.eks.aws_iam_role.workers",
            "module.eks.aws_iam_role_policy_attachment.cluster_AmazonEKSClusterPolicy",
            "module.eks.aws_iam_role_policy_attachment.cluster_AmazonEKSServicePolicy",
            "module.eks.aws_iam_role_policy_attachment.cluster_AmazonEKSVPCResourceControllerPolicy",
            "module.eks.aws_iam_role_policy_attachment.workers_AmazonEC2ContainerRegistryReadOnly",
            "module.eks.aws_iam_role_policy_attachment.workers_AmazonEKSWorkerNodePolicy",
            "module.eks.aws_iam_role_policy_attachment.workers_AmazonEKS_CNI_Policy",
            "module.eks.aws_iam_role_policy_attachment.workers_additional_policies",
            "module.eks.aws_launch_configuration.workers",
            "module.eks.aws_security_group.cluster",
            "module.eks.aws_security_group.workers",
            "module.eks.aws_security_group_rule.cluster_egress_internet",
            "module.eks.aws_security_group_rule.cluster_https_worker_ingress",
            "module.eks.aws_security_group_rule.cluster_primary_ingress_workers",
            "module.eks.aws_security_group_rule.workers_egress_internet",
            "module.eks.aws_security_group_rule.workers_ingress_cluster",
            "module.eks.aws_security_group_rule.workers_ingress_cluster_https",
            "module.eks.aws_security_group_rule.workers_ingress_cluster_kubelet",
            "module.eks.aws_security_group_rule.workers_ingress_cluster_primary",
            "module.eks.aws_security_group_rule.workers_ingress_self",
            "module.eks.data.aws_ami.eks_worker",
            "module.eks.data.aws_ami.eks_worker_windows",
            "module.eks.data.aws_iam_instance_profile.custom_worker_group_iam_instance_profile",
            "module.eks.data.aws_iam_policy_document.cluster_assume_role_policy",
            "module.eks.data.aws_iam_policy_document.workers_assume_role_policy",
            "module.eks.data.aws_iam_role.custom_cluster_iam_role",
            "module.eks.data.aws_partition.current",
            "module.vpc.aws_subnet.private",
            "module.vpc.aws_vpc.this",
            "module.vpc.aws_vpc_ipv4_cidr_block_association.this",
            "random_string.suffix"
          ],
          "create_before_destroy": true
        }
      ]
    },
    {
      "module": "module.eks",
      "mode": "managed",
      "type": "aws_eks_cluster",
      "name": "this",
      "provider": "provider[\"registry.terraform.io/hashicorp/aws\"]",
      "instances": [
        {
          "index_key": 0,
          "schema_version": 0,
          "attributes": {
            "arn": "arn:aws:eks:us-west-1:079825609440:cluster/cluster-ayushsbankuno-8Jy5fNo3",
            "certificate_authority": [
              {
                "data": "LS0tLS1CRUdJTiBDRVJUSUZJQ0FURS0tLS0tCk1JSUN5RENDQWJDZ0F3SUJBZ0lCQURBTkJna3Foa2lHOXcwQkFRc0ZBREFWTVJNd0VRWURWUVFERXdwcmRXSmwKY201bGRHVnpNQjRYRFRJeE1UQXdPREE1TWpFek1Gb1hEVE14TVRBd05qQTVNakV6TUZvd0ZURVRNQkVHQTFVRQpBeE1LYTNWaVpYSnVaWFJsY3pDQ0FTSXdEUVlKS29aSWh2Y05BUUVCQlFBRGdnRVBBRENDQVFvQ2dnRUJBTHZJCldkQUhnSERZditkT3lUekJScjg1eUR4NXhhdCtaa3hYRWRwQnlFZERJOHZVd3RQYVVDSHBFQ0xMeWpONmw5eSsKd0tvZWlSTG44MFJkTEhwS1RUZnA2a2dUMzlIZ0hOcG5aOUlEYTUrdVlJSkMzMW4xejlzVStXR1ZPdk1sUEdFbQpqSFhEMXpPU3hERWwxMlB5YVBmNStZSjJxdklOUjF5SXlvNTQxcFZaODREU3lxQVdKbUwxYy9icHpMVkhReWV5CkxaZEErN0loYXhZTm54VTZzVno4N3AzZUwrNW1wZTJiK2tXTlMwWUtIcHphWlZaTXJKMlhoV1dQVW1RaEpmRXgKcHl6cFVkTWdnZEZ5VUdMcmRWb21IWlNRYnNDN2dEWG1CTjhCWVBTTS8zN0ZBOGY3VGt5THg2SzlON1pOSmtLcAp6QmgxRmNQaTBtK0VRbCtOUjJrQ0F3RUFBYU1qTUNFd0RnWURWUjBQQVFIL0JBUURBZ0trTUE4R0ExVWRFd0VCCi93UUZNQU1CQWY4d0RRWUpLb1pJaHZjTkFRRUxCUUFEZ2dFQkFIaEg4TTNDSVNnejRvVHY4NWgwbzUzcjVnaisKY2k3RHQ5cWY0RDFxMFBHZ0hBKzk2eTRxNzRPaHI0RmVOWEIzODRUNXI5aDUzWk1lT2M5V212cnY3RGJuT1V3bwpQTHhkTzZGWmg0M2hRU3JXczJaTjEycVArenIrVTh0cVV1bFpxMW56T3kxQVhWaHVHMm82Wi82SEJic1duVnFPCm94cVQ1L2NRbVVaclFLRkFNcmpNa2Y2dlRIRFFSTVlTdTBMRUJJR1VhTWNPRXdRVFo5eWpZOGxHbTcvZjg2U1gKVGlOZTlnckM4MFJDUGxtUkwvVnJaUnNyM3ZkR1F3b202ZTVxNEtCb0wvRTBUS01lTVhJLzNRQmdJYnllaFlXZQpMT3hMK28zYkxXVEN1OEV1MjBLdDhqam5vT2x6Sit1WFRmSGNzeWxXV1Nvdy9OeVloQXhLWGsvNmxlQT0KLS0tLS1FTkQgQ0VSVElGSUNBVEUtLS0tLQo="
              }
            ],
            "created_at": "2021-10-08 09:15:33.532 +0000 UTC",
            "enabled_cluster_log_types": null,
            "encryption_config": [],
            "endpoint": "https://BF1DDFE95A994B09CC3728165679E948.yl4.us-west-1.eks.amazonaws.com",
            "id": "cluster-ayushsbankuno-8Jy5fNo3",
            "identity": [
              {
                "oidc": [
                  {
                    "issuer": "https://oidc.eks.us-west-1.amazonaws.com/id/BF1DDFE95A994B09CC3728165679E948"
                  }
                ]
              }
            ],
            "kubernetes_network_config": [
              {
                "service_ipv4_cidr": "10.100.0.0/16"
              }
            ],
            "name": "cluster-ayushsbankuno-8Jy5fNo3",
            "platform_version": "eks.8",
            "role_arn": "arn:aws:iam::079825609440:role/cluster-ayushsbankuno-8Jy5fNo320211008091448029500000002",
            "status": "ACTIVE",
            "tags": {
              "Environment": "dev",
              "Project": "ayushsbankuno"
            },
            "tags_all": {
              "Environment": "dev",
              "Project": "ayushsbankuno"
            },
            "timeouts": {
              "create": "30m",
              "delete": "15m",
              "update": "60m"
            },
            "version": "1.18",
            "vpc_config": [
              {
                "cluster_security_group_id": "sg-0f682d6df7c15a5a2",
                "endpoint_private_access": false,
                "endpoint_public_access": true,
                "public_access_cidrs": [
                  "0.0.0.0/0"
                ],
                "security_group_ids": [
                  "sg-07c33a99e76d090fd"
                ],
                "subnet_ids": [
                  "subnet-00ab12afb41887b73",
                  "subnet-04d17589c7e6597af",
                  "subnet-069a263b94dfbe5bb"
                ],
                "vpc_id": "vpc-06fb76e1400c39479"
              }
            ]
          },
          "sensitive_attributes": [],
          "private": "eyJlMmJmYjczMC1lY2FhLTExZTYtOGY4OC0zNDM2M2JjN2M0YzAiOnsiY3JlYXRlIjoxODAwMDAwMDAwMDAwLCJkZWxldGUiOjkwMDAwMDAwMDAwMCwidXBkYXRlIjozNjAwMDAwMDAwMDAwfX0=",
          "dependencies": [
            "data.aws_availability_zones.available",
            "module.eks.aws_cloudwatch_log_group.this",
            "module.eks.aws_iam_role.cluster",
            "module.eks.aws_iam_role_policy_attachment.cluster_AmazonEKSClusterPolicy",
            "module.eks.aws_iam_role_policy_attachment.cluster_AmazonEKSServicePolicy",
            "module.eks.aws_iam_role_policy_attachment.cluster_AmazonEKSVPCResourceControllerPolicy",
            "module.eks.aws_security_group.cluster",
            "module.eks.aws_security_group.workers",
            "module.eks.aws_security_group_rule.cluster_egress_internet",
            "module.eks.aws_security_group_rule.cluster_https_worker_ingress",
            "module.eks.data.aws_iam_policy_document.cluster_assume_role_policy",
            "module.eks.data.aws_iam_role.custom_cluster_iam_role",
            "module.eks.data.aws_partition.current",
            "module.vpc.aws_subnet.private",
            "module.vpc.aws_vpc.this",
            "module.vpc.aws_vpc_ipv4_cidr_block_association.this",
            "random_string.suffix"
          ],
          "create_before_destroy": true
        }
      ]
    },
    {
      "module": "module.eks",
      "mode": "managed",
      "type": "aws_iam_instance_profile",
      "name": "workers",
      "provider": "provider[\"registry.terraform.io/hashicorp/aws\"]",
      "instances": [
        {
          "index_key": 0,
          "schema_version": 0,
          "attributes": {
            "arn": "arn:aws:iam::079825609440:instance-profile/cluster-ayushsbankuno-8Jy5fNo32021100809315000300000000e",
            "create_date": "2021-10-08T09:31:50Z",
            "id": "cluster-ayushsbankuno-8Jy5fNo32021100809315000300000000e",
            "name": "cluster-ayushsbankuno-8Jy5fNo32021100809315000300000000e",
            "name_prefix": "cluster-ayushsbankuno-8Jy5fNo3",
            "path": "/",
            "role": "cluster-ayushsbankuno-8Jy5fNo32021100809314620560000000c",
            "tags": {
              "Environment": "dev",
              "Project": "ayushsbankuno"
            },
            "tags_all": {
              "Environment": "dev",
              "Project": "ayushsbankuno"
            },
            "unique_id": "AIPARFFP2ELQPUAJ6JEZO"
          },
          "sensitive_attributes": [],
          "private": "bnVsbA==",
          "dependencies": [
            "aws_security_group.worker_group_mgmt_one",
            "aws_security_group.worker_group_mgmt_two",
            "data.aws_availability_zones.available",
            "module.eks.aws_cloudwatch_log_group.this",
            "module.eks.aws_eks_cluster.this",
            "module.eks.aws_iam_role.cluster",
            "module.eks.aws_iam_role.workers",
            "module.eks.aws_iam_role_policy_attachment.cluster_AmazonEKSClusterPolicy",
            "module.eks.aws_iam_role_policy_attachment.cluster_AmazonEKSServicePolicy",
            "module.eks.aws_iam_role_policy_attachment.cluster_AmazonEKSVPCResourceControllerPolicy",
            "module.eks.aws_security_group.cluster",
            "module.eks.aws_security_group.workers",
            "module.eks.aws_security_group_rule.cluster_egress_internet",
            "module.eks.aws_security_group_rule.cluster_https_worker_ingress",
            "module.eks.data.aws_iam_policy_document.cluster_assume_role_policy",
            "module.eks.data.aws_iam_policy_document.workers_assume_role_policy",
            "module.eks.data.aws_iam_role.custom_cluster_iam_role",
            "module.eks.data.aws_partition.current",
            "module.vpc.aws_subnet.private",
            "module.vpc.aws_vpc.this",
            "module.vpc.aws_vpc_ipv4_cidr_block_association.this",
            "random_string.suffix"
          ],
          "create_before_destroy": true
        },
        {
          "index_key": 1,
          "schema_version": 0,
          "attributes": {
            "arn": "arn:aws:iam::079825609440:instance-profile/cluster-ayushsbankuno-8Jy5fNo32021100809315000250000000d",
            "create_date": "2021-10-08T09:31:50Z",
            "id": "cluster-ayushsbankuno-8Jy5fNo32021100809315000250000000d",
            "name": "cluster-ayushsbankuno-8Jy5fNo32021100809315000250000000d",
            "name_prefix": "cluster-ayushsbankuno-8Jy5fNo3",
            "path": "/",
            "role": "cluster-ayushsbankuno-8Jy5fNo32021100809314620560000000c",
            "tags": {
              "Environment": "dev",
              "Project": "ayushsbankuno"
            },
            "tags_all": {
              "Environment": "dev",
              "Project": "ayushsbankuno"
            },
            "unique_id": "AIPARFFP2ELQL2KBE3E52"
          },
          "sensitive_attributes": [],
          "private": "bnVsbA==",
          "dependencies": [
            "aws_security_group.worker_group_mgmt_one",
            "aws_security_group.worker_group_mgmt_two",
            "data.aws_availability_zones.available",
            "module.eks.aws_cloudwatch_log_group.this",
            "module.eks.aws_eks_cluster.this",
            "module.eks.aws_iam_role.cluster",
            "module.eks.aws_iam_role.workers",
            "module.eks.aws_iam_role_policy_attachment.cluster_AmazonEKSClusterPolicy",
            "module.eks.aws_iam_role_policy_attachment.cluster_AmazonEKSServicePolicy",
            "module.eks.aws_iam_role_policy_attachment.cluster_AmazonEKSVPCResourceControllerPolicy",
            "module.eks.aws_security_group.cluster",
            "module.eks.aws_security_group.workers",
            "module.eks.aws_security_group_rule.cluster_egress_internet",
            "module.eks.aws_security_group_rule.cluster_https_worker_ingress",
            "module.eks.data.aws_iam_policy_document.cluster_assume_role_policy",
            "module.eks.data.aws_iam_policy_document.workers_assume_role_policy",
            "module.eks.data.aws_iam_role.custom_cluster_iam_role",
            "module.eks.data.aws_partition.current",
            "module.vpc.aws_subnet.private",
            "module.vpc.aws_vpc.this",
            "module.vpc.aws_vpc_ipv4_cidr_block_association.this",
            "random_string.suffix"
          ],
          "create_before_destroy": true
        }
      ]
    },
    {
      "module": "module.eks",
      "mode": "managed",
      "type": "aws_iam_policy",
      "name": "cluster_elb_sl_role_creation",
      "provider": "provider[\"registry.terraform.io/hashicorp/aws\"]",
      "instances": [
        {
          "index_key": 0,
          "schema_version": 0,
          "attributes": {
            "arn": "arn:aws:iam::079825609440:policy/cluster-ayushsbankuno-8Jy5fNo3-elb-sl-role-creation20211008091448029100000001",
            "description": "Permissions for EKS to create AWSServiceRoleForElasticLoadBalancing service-linked role",
            "id": "arn:aws:iam::079825609440:policy/cluster-ayushsbankuno-8Jy5fNo3-elb-sl-role-creation20211008091448029100000001",
            "name": "cluster-ayushsbankuno-8Jy5fNo3-elb-sl-role-creation20211008091448029100000001",
            "name_prefix": "cluster-ayushsbankuno-8Jy5fNo3-elb-sl-role-creation",
            "path": "/",
            "policy": "{\n  \"Version\": \"2012-10-17\",\n  \"Statement\": [\n    {\n      \"Sid\": \"\",\n      \"Effect\": \"Allow\",\n      \"Action\": [\n        \"ec2:DescribeInternetGateways\",\n        \"ec2:DescribeAddresses\",\n        \"ec2:DescribeAccountAttributes\"\n      ],\n      \"Resource\": \"*\"\n    }\n  ]\n}",
            "policy_id": "ANPARFFP2ELQAIK3UMC7H",
            "tags": {
              "Environment": "dev",
              "Project": "ayushsbankuno"
            },
            "tags_all": {
              "Environment": "dev",
              "Project": "ayushsbankuno"
            }
          },
          "sensitive_attributes": [],
          "private": "bnVsbA==",
          "dependencies": [
            "module.eks.data.aws_iam_policy_document.cluster_elb_sl_role_creation",
            "random_string.suffix"
          ]
        }
      ]
    },
    {
      "module": "module.eks",
      "mode": "managed",
      "type": "aws_iam_role",
      "name": "cluster",
      "provider": "provider[\"registry.terraform.io/hashicorp/aws\"]",
      "instances": [
        {
          "index_key": 0,
          "schema_version": 0,
          "attributes": {
            "arn": "arn:aws:iam::079825609440:role/cluster-ayushsbankuno-8Jy5fNo320211008091448029500000002",
            "assume_role_policy": "{\"Version\":\"2012-10-17\",\"Statement\":[{\"Sid\":\"EKSClusterAssumeRole\",\"Effect\":\"Allow\",\"Principal\":{\"Service\":\"eks.amazonaws.com\"},\"Action\":\"sts:AssumeRole\"}]}",
            "create_date": "2021-10-08T09:14:49Z",
            "description": "",
            "force_detach_policies": true,
            "id": "cluster-ayushsbankuno-8Jy5fNo320211008091448029500000002",
            "inline_policy": [
              {
                "name": "",
                "policy": ""
              }
            ],
            "managed_policy_arns": [],
            "max_session_duration": 3600,
            "name": "cluster-ayushsbankuno-8Jy5fNo320211008091448029500000002",
            "name_prefix": "cluster-ayushsbankuno-8Jy5fNo3",
            "path": "/",
            "permissions_boundary": null,
            "tags": {
              "Environment": "dev",
              "Project": "ayushsbankuno"
            },
            "tags_all": {
              "Environment": "dev",
              "Project": "ayushsbankuno"
            },
            "unique_id": "AROARFFP2ELQLPAPP4DEB"
          },
          "sensitive_attributes": [],
          "private": "bnVsbA==",
          "dependencies": [
            "module.eks.data.aws_iam_policy_document.cluster_assume_role_policy",
            "random_string.suffix"
          ],
          "create_before_destroy": true
        }
      ]
    },
    {
      "module": "module.eks",
      "mode": "managed",
      "type": "aws_iam_role",
      "name": "workers",
      "provider": "provider[\"registry.terraform.io/hashicorp/aws\"]",
      "instances": [
        {
          "index_key": 0,
          "schema_version": 0,
          "attributes": {
            "arn": "arn:aws:iam::079825609440:role/cluster-ayushsbankuno-8Jy5fNo32021100809314620560000000c",
            "assume_role_policy": "{\"Version\":\"2012-10-17\",\"Statement\":[{\"Sid\":\"EKSWorkerAssumeRole\",\"Effect\":\"Allow\",\"Principal\":{\"Service\":\"ec2.amazonaws.com\"},\"Action\":\"sts:AssumeRole\"}]}",
            "create_date": "2021-10-08T09:31:47Z",
            "description": "",
            "force_detach_policies": true,
            "id": "cluster-ayushsbankuno-8Jy5fNo32021100809314620560000000c",
            "inline_policy": [
              {
                "name": "",
                "policy": ""
              }
            ],
            "managed_policy_arns": [],
            "max_session_duration": 3600,
            "name": "cluster-ayushsbankuno-8Jy5fNo32021100809314620560000000c",
            "name_prefix": "cluster-ayushsbankuno-8Jy5fNo3",
            "path": "/",
            "permissions_boundary": null,
            "tags": {
              "Environment": "dev",
              "Project": "ayushsbankuno"
            },
            "tags_all": {
              "Environment": "dev",
              "Project": "ayushsbankuno"
            },
            "unique_id": "AROARFFP2ELQGB5FRZYJO"
          },
          "sensitive_attributes": [],
          "private": "bnVsbA==",
          "dependencies": [
            "data.aws_availability_zones.available",
            "module.eks.aws_cloudwatch_log_group.this",
            "module.eks.aws_eks_cluster.this",
            "module.eks.aws_iam_role.cluster",
            "module.eks.aws_iam_role_policy_attachment.cluster_AmazonEKSClusterPolicy",
            "module.eks.aws_iam_role_policy_attachment.cluster_AmazonEKSServicePolicy",
            "module.eks.aws_iam_role_policy_attachment.cluster_AmazonEKSVPCResourceControllerPolicy",
            "module.eks.aws_security_group.cluster",
            "module.eks.aws_security_group.workers",
            "module.eks.aws_security_group_rule.cluster_egress_internet",
            "module.eks.aws_security_group_rule.cluster_https_worker_ingress",
            "module.eks.data.aws_iam_policy_document.cluster_assume_role_policy",
            "module.eks.data.aws_iam_policy_document.workers_assume_role_policy",
            "module.eks.data.aws_iam_role.custom_cluster_iam_role",
            "module.eks.data.aws_partition.current",
            "module.vpc.aws_subnet.private",
            "module.vpc.aws_vpc.this",
            "module.vpc.aws_vpc_ipv4_cidr_block_association.this",
            "random_string.suffix"
          ],
          "create_before_destroy": true
        }
      ]
    },
    {
      "module": "module.eks",
      "mode": "managed",
      "type": "aws_iam_role_policy_attachment",
      "name": "cluster_AmazonEKSClusterPolicy",
      "provider": "provider[\"registry.terraform.io/hashicorp/aws\"]",
      "instances": [
        {
          "index_key": 0,
          "schema_version": 0,
          "attributes": {
            "id": "cluster-ayushsbankuno-8Jy5fNo320211008091448029500000002-20211008091452696000000003",
            "policy_arn": "arn:aws:iam::aws:policy/AmazonEKSClusterPolicy",
            "role": "cluster-ayushsbankuno-8Jy5fNo320211008091448029500000002"
          },
          "sensitive_attributes": [],
          "private": "bnVsbA==",
          "dependencies": [
            "module.eks.aws_iam_role.cluster",
            "module.eks.data.aws_iam_policy_document.cluster_assume_role_policy",
            "module.eks.data.aws_partition.current",
            "random_string.suffix"
          ],
          "create_before_destroy": true
        }
      ]
    },
    {
      "module": "module.eks",
      "mode": "managed",
      "type": "aws_iam_role_policy_attachment",
      "name": "cluster_AmazonEKSServicePolicy",
      "provider": "provider[\"registry.terraform.io/hashicorp/aws\"]",
      "instances": [
        {
          "index_key": 0,
          "schema_version": 0,
          "attributes": {
            "id": "cluster-ayushsbankuno-8Jy5fNo320211008091448029500000002-20211008091452776900000005",
            "policy_arn": "arn:aws:iam::aws:policy/AmazonEKSServicePolicy",
            "role": "cluster-ayushsbankuno-8Jy5fNo320211008091448029500000002"
          },
          "sensitive_attributes": [],
          "private": "bnVsbA==",
          "dependencies": [
            "module.eks.aws_iam_role.cluster",
            "module.eks.data.aws_iam_policy_document.cluster_assume_role_policy",
            "module.eks.data.aws_partition.current",
            "random_string.suffix"
          ],
          "create_before_destroy": true
        }
      ]
    },
    {
      "module": "module.eks",
      "mode": "managed",
      "type": "aws_iam_role_policy_attachment",
      "name": "cluster_AmazonEKSVPCResourceControllerPolicy",
      "provider": "provider[\"registry.terraform.io/hashicorp/aws\"]",
      "instances": [
        {
          "index_key": 0,
          "schema_version": 0,
          "attributes": {
            "id": "cluster-ayushsbankuno-8Jy5fNo320211008091448029500000002-20211008091452788500000006",
            "policy_arn": "arn:aws:iam::aws:policy/AmazonEKSVPCResourceController",
            "role": "cluster-ayushsbankuno-8Jy5fNo320211008091448029500000002"
          },
          "sensitive_attributes": [],
          "private": "bnVsbA==",
          "dependencies": [
            "module.eks.aws_iam_role.cluster",
            "module.eks.data.aws_iam_policy_document.cluster_assume_role_policy",
            "module.eks.data.aws_partition.current",
            "random_string.suffix"
          ],
          "create_before_destroy": true
        }
      ]
    },
    {
      "module": "module.eks",
      "mode": "managed",
      "type": "aws_iam_role_policy_attachment",
      "name": "cluster_elb_sl_role_creation",
      "provider": "provider[\"registry.terraform.io/hashicorp/aws\"]",
      "instances": [
        {
          "index_key": 0,
          "schema_version": 0,
          "attributes": {
            "id": "cluster-ayushsbankuno-8Jy5fNo320211008091448029500000002-20211008091452776000000004",
            "policy_arn": "arn:aws:iam::079825609440:policy/cluster-ayushsbankuno-8Jy5fNo3-elb-sl-role-creation20211008091448029100000001",
            "role": "cluster-ayushsbankuno-8Jy5fNo320211008091448029500000002"
          },
          "sensitive_attributes": [],
          "private": "bnVsbA==",
          "dependencies": [
            "module.eks.aws_iam_policy.cluster_elb_sl_role_creation",
            "module.eks.aws_iam_role.cluster",
            "module.eks.data.aws_iam_policy_document.cluster_assume_role_policy",
            "module.eks.data.aws_iam_policy_document.cluster_elb_sl_role_creation",
            "random_string.suffix"
          ]
        }
      ]
    },
    {
      "module": "module.eks",
      "mode": "managed",
      "type": "aws_iam_role_policy_attachment",
      "name": "workers_AmazonEC2ContainerRegistryReadOnly",
      "provider": "provider[\"registry.terraform.io/hashicorp/aws\"]",
      "instances": [
        {
          "index_key": 0,
          "schema_version": 0,
          "attributes": {
            "id": "cluster-ayushsbankuno-8Jy5fNo32021100809314620560000000c-2021100809315090370000000f",
            "policy_arn": "arn:aws:iam::aws:policy/AmazonEC2ContainerRegistryReadOnly",
            "role": "cluster-ayushsbankuno-8Jy5fNo32021100809314620560000000c"
          },
          "sensitive_attributes": [],
          "private": "bnVsbA==",
          "dependencies": [
            "data.aws_availability_zones.available",
            "module.eks.aws_cloudwatch_log_group.this",
            "module.eks.aws_eks_cluster.this",
            "module.eks.aws_iam_role.cluster",
            "module.eks.aws_iam_role.workers",
            "module.eks.aws_iam_role_policy_attachment.cluster_AmazonEKSClusterPolicy",
            "module.eks.aws_iam_role_policy_attachment.cluster_AmazonEKSServicePolicy",
            "module.eks.aws_iam_role_policy_attachment.cluster_AmazonEKSVPCResourceControllerPolicy",
            "module.eks.aws_security_group.cluster",
            "module.eks.aws_security_group.workers",
            "module.eks.aws_security_group_rule.cluster_egress_internet",
            "module.eks.aws_security_group_rule.cluster_https_worker_ingress",
            "module.eks.data.aws_iam_policy_document.cluster_assume_role_policy",
            "module.eks.data.aws_iam_policy_document.workers_assume_role_policy",
            "module.eks.data.aws_iam_role.custom_cluster_iam_role",
            "module.eks.data.aws_partition.current",
            "module.vpc.aws_subnet.private",
            "module.vpc.aws_vpc.this",
            "module.vpc.aws_vpc_ipv4_cidr_block_association.this",
            "random_string.suffix"
          ],
          "create_before_destroy": true
        }
      ]
    },
    {
      "module": "module.eks",
      "mode": "managed",
      "type": "aws_iam_role_policy_attachment",
      "name": "workers_AmazonEKSWorkerNodePolicy",
      "provider": "provider[\"registry.terraform.io/hashicorp/aws\"]",
      "instances": [
        {
          "index_key": 0,
          "schema_version": 0,
          "attributes": {
            "id": "cluster-ayushsbankuno-8Jy5fNo32021100809314620560000000c-20211008093150945100000011",
            "policy_arn": "arn:aws:iam::aws:policy/AmazonEKSWorkerNodePolicy",
            "role": "cluster-ayushsbankuno-8Jy5fNo32021100809314620560000000c"
          },
          "sensitive_attributes": [],
          "private": "bnVsbA==",
          "dependencies": [
            "data.aws_availability_zones.available",
            "module.eks.aws_cloudwatch_log_group.this",
            "module.eks.aws_eks_cluster.this",
            "module.eks.aws_iam_role.cluster",
            "module.eks.aws_iam_role.workers",
            "module.eks.aws_iam_role_policy_attachment.cluster_AmazonEKSClusterPolicy",
            "module.eks.aws_iam_role_policy_attachment.cluster_AmazonEKSServicePolicy",
            "module.eks.aws_iam_role_policy_attachment.cluster_AmazonEKSVPCResourceControllerPolicy",
            "module.eks.aws_security_group.cluster",
            "module.eks.aws_security_group.workers",
            "module.eks.aws_security_group_rule.cluster_egress_internet",
            "module.eks.aws_security_group_rule.cluster_https_worker_ingress",
            "module.eks.data.aws_iam_policy_document.cluster_assume_role_policy",
            "module.eks.data.aws_iam_policy_document.workers_assume_role_policy",
            "module.eks.data.aws_iam_role.custom_cluster_iam_role",
            "module.eks.data.aws_partition.current",
            "module.vpc.aws_subnet.private",
            "module.vpc.aws_vpc.this",
            "module.vpc.aws_vpc_ipv4_cidr_block_association.this",
            "random_string.suffix"
          ],
          "create_before_destroy": true
        }
      ]
    },
    {
      "module": "module.eks",
      "mode": "managed",
      "type": "aws_iam_role_policy_attachment",
      "name": "workers_AmazonEKS_CNI_Policy",
      "provider": "provider[\"registry.terraform.io/hashicorp/aws\"]",
      "instances": [
        {
          "index_key": 0,
          "schema_version": 0,
          "attributes": {
            "id": "cluster-ayushsbankuno-8Jy5fNo32021100809314620560000000c-20211008093150920800000010",
            "policy_arn": "arn:aws:iam::aws:policy/AmazonEKS_CNI_Policy",
            "role": "cluster-ayushsbankuno-8Jy5fNo32021100809314620560000000c"
          },
          "sensitive_attributes": [],
          "private": "bnVsbA==",
          "dependencies": [
            "data.aws_availability_zones.available",
            "module.eks.aws_cloudwatch_log_group.this",
            "module.eks.aws_eks_cluster.this",
            "module.eks.aws_iam_role.cluster",
            "module.eks.aws_iam_role.workers",
            "module.eks.aws_iam_role_policy_attachment.cluster_AmazonEKSClusterPolicy",
            "module.eks.aws_iam_role_policy_attachment.cluster_AmazonEKSServicePolicy",
            "module.eks.aws_iam_role_policy_attachment.cluster_AmazonEKSVPCResourceControllerPolicy",
            "module.eks.aws_security_group.cluster",
            "module.eks.aws_security_group.workers",
            "module.eks.aws_security_group_rule.cluster_egress_internet",
            "module.eks.aws_security_group_rule.cluster_https_worker_ingress",
            "module.eks.data.aws_iam_policy_document.cluster_assume_role_policy",
            "module.eks.data.aws_iam_policy_document.workers_assume_role_policy",
            "module.eks.data.aws_iam_role.custom_cluster_iam_role",
            "module.eks.data.aws_partition.current",
            "module.vpc.aws_subnet.private",
            "module.vpc.aws_vpc.this",
            "module.vpc.aws_vpc_ipv4_cidr_block_association.this",
            "random_string.suffix"
          ],
          "create_before_destroy": true
        }
      ]
    },
    {
      "module": "module.eks",
      "mode": "managed",
      "type": "aws_launch_configuration",
      "name": "workers",
      "provider": "provider[\"registry.terraform.io/hashicorp/aws\"]",
      "instances": [
        {
          "index_key": 0,
          "schema_version": 0,
          "attributes": {
            "arn": "arn:aws:autoscaling:us-west-1:079825609440:launchConfiguration:0113480e-1bdc-40c9-8064-9739c8fdd67d:launchConfigurationName/cluster-ayushsbankuno-8Jy5fNo3-worker-group-ayushsbankuno-worker-group-120211008093153752200000013",
            "associate_public_ip_address": false,
            "ebs_block_device": [],
            "ebs_optimized": true,
            "enable_monitoring": true,
            "ephemeral_block_device": [],
            "iam_instance_profile": "cluster-ayushsbankuno-8Jy5fNo32021100809315000300000000e",
            "id": "cluster-ayushsbankuno-8Jy5fNo3-worker-group-ayushsbankuno-worker-group-120211008093153752200000013",
            "image_id": "ami-077417f36e2c1ec63",
            "instance_type": "m5a.xlarge",
            "key_name": "",
            "metadata_options": [
              {
                "http_endpoint": "enabled",
                "http_put_response_hop_limit": 1,
                "http_tokens": "optional"
              }
            ],
            "name": "cluster-ayushsbankuno-8Jy5fNo3-worker-group-ayushsbankuno-worker-group-120211008093153752200000013",
            "name_prefix": "cluster-ayushsbankuno-8Jy5fNo3-worker-group-ayushsbankuno-worker-group-1",
            "placement_tenancy": "",
            "root_block_device": [
              {
                "delete_on_termination": true,
                "encrypted": false,
                "iops": 0,
                "throughput": 0,
                "volume_size": 100,
                "volume_type": "gp2"
              }
            ],
            "security_groups": [
              "sg-0a289a2980b23eaa4",
              "sg-0ee7d2935ef5e7f81"
            ],
            "spot_price": "",
            "user_data": null,
            "user_data_base64": "IyEvYmluL2Jhc2ggLWUKCiMgQWxsb3cgdXNlciBzdXBwbGllZCBwcmUgdXNlcmRhdGEgY29kZQoKCiMgQm9vdHN0cmFwIGFuZCBqb2luIHRoZSBjbHVzdGVyCi9ldGMvZWtzL2Jvb3RzdHJhcC5zaCAtLWI2NC1jbHVzdGVyLWNhICdMUzB0TFMxQ1JVZEpUaUJEUlZKVVNVWkpRMEZVUlMwdExTMHRDazFKU1VONVJFTkRRV0pEWjBGM1NVSkJaMGxDUVVSQlRrSm5hM0ZvYTJsSE9YY3dRa0ZSYzBaQlJFRldUVkpOZDBWUldVUldVVkZFUlhkd2NtUlhTbXdLWTIwMWJHUkhWbnBOUWpSWVJGUkplRTFVUVhkUFJFRTFUV3BGZWsxR2IxaEVWRTE0VFZSQmQwNXFRVFZOYWtWNlRVWnZkMFpVUlZSTlFrVkhRVEZWUlFwQmVFMUxZVE5XYVZwWVNuVmFXRkpzWTNwRFEwRlRTWGRFVVZsS1MyOWFTV2gyWTA1QlVVVkNRbEZCUkdkblJWQkJSRU5EUVZGdlEyZG5SVUpCVEhaSkNsZGtRVWhuU0VSWmRpdGtUM2xVZWtKU2NqZzFlVVI0TlhoaGRDdGFhM2hZUldSd1FubEZaRVJKT0haVmQzUlFZVlZEU0hCRlEweE1lV3BPTm13NWVTc0tkMHR2WldsU1RHNDRNRkprVEVod1MxUlVabkEyYTJkVU16bElaMGhPY0c1YU9VbEVZVFVyZFZsSlNrTXpNVzR4ZWpselZTdFhSMVpQZGsxc1VFZEZiUXBxU0ZoRU1YcFBVM2hFUld3eE1sQjVZVkJtTlN0WlNqSnhka2xPVWpGNVNYbHZOVFF4Y0ZaYU9EUkVVM2x4UVZkS2JVd3hZeTlpY0hwTVZraFJlV1Y1Q2t4YVpFRXJOMGxvWVhoWlRtNTRWVFp6Vm5vNE4zQXpaVXdyTlcxd1pUSmlLMnRYVGxNd1dVdEljSHBoV2xaYVRYSktNbGhvVjFkUVZXMVJhRXBtUlhnS2NIbDZjRlZrVFdkblpFWjVWVWRNY21SV2IyMUlXbE5SWW5ORE4yZEVXRzFDVGpoQ1dWQlRUUzh6TjBaQk9HWTNWR3Q1VEhnMlN6bE9OMXBPU210TGNBcDZRbWd4Um1OUWFUQnRLMFZSYkN0T1VqSnJRMEYzUlVGQllVMXFUVU5GZDBSbldVUldVakJRUVZGSUwwSkJVVVJCWjB0clRVRTRSMEV4VldSRmQwVkNDaTkzVVVaTlFVMUNRV1k0ZDBSUldVcExiMXBKYUhaalRrRlJSVXhDVVVGRVoyZEZRa0ZJYUVnNFRUTkRTVk5uZWpSdlZIWTROV2d3YnpVemNqVm5haXNLWTJrM1JIUTVjV1kwUkRGeE1GQkhaMGhCS3prMmVUUnhOelJQYUhJMFJtVk9XRUl6T0RSVU5YSTVhRFV6V2sxbFQyTTVWMjEyY25ZM1JHSnVUMVYzYndwUVRIaGtUelpHV21nME0yaFJVM0pYY3pKYVRqRXljVkFyZW5JclZUaDBjVlYxYkZweE1XNTZUM2t4UVZoV2FIVkhNbTgyV2k4MlNFSmljMWR1Vm5GUENtOTRjVlExTDJOUmJWVmFjbEZMUmtGTmNtcE5hMlkyZGxSSVJGRlNUVmxUZFRCTVJVSkpSMVZoVFdOUFJYZFJWRm81ZVdwWk9HeEhiVGN2WmpnMlUxZ0tWR2xPWlRsbmNrTTRNRkpEVUd4dFVrd3ZWbkphVW5OeU0zWmtSMUYzYjIwMlpUVnhORXRDYjB3dlJUQlVTMDFsVFZoSkx6TlJRbWRKWW5sbGFGbFhaUXBNVDNoTUsyOHpZa3hYVkVOMU9FVjFNakJMZERocWFtNXZUMng2U2l0MVdGUm1TR056ZVd4WFYxTnZkeTlPZVZsb1FYaExXR3N2Tm14bFFUMEtMUzB0TFMxRlRrUWdRMFZTVkVsR1NVTkJWRVV0TFMwdExRbz0nIC0tYXBpc2VydmVyLWVuZHBvaW50ICdodHRwczovL0JGMURERkU5NUE5OTRCMDlDQzM3MjgxNjU2NzlFOTQ4LnlsNC51cy13ZXN0LTEuZWtzLmFtYXpvbmF3cy5jb20nICAtLWt1YmVsZXQtZXh0cmEtYXJncyAiIiAnY2x1c3Rlci1heXVzaHNiYW5rdW5vLThKeTVmTm8zJwoKIyBBbGxvdyB1c2VyIHN1cHBsaWVkIHVzZXJkYXRhIGNvZGUKTkEK",
            "vpc_classic_link_id": "",
            "vpc_classic_link_security_groups": null
          },
          "sensitive_attributes": [],
          "private": "bnVsbA==",
          "dependencies": [
            "aws_security_group.worker_group_mgmt_one",
            "aws_security_group.worker_group_mgmt_two",
            "data.aws_availability_zones.available",
            "module.eks.aws_cloudwatch_log_group.this",
            "module.eks.aws_eks_cluster.this",
            "module.eks.aws_iam_instance_profile.workers",
            "module.eks.aws_iam_role.cluster",
            "module.eks.aws_iam_role.workers",
            "module.eks.aws_iam_role_policy_attachment.cluster_AmazonEKSClusterPolicy",
            "module.eks.aws_iam_role_policy_attachment.cluster_AmazonEKSServicePolicy",
            "module.eks.aws_iam_role_policy_attachment.cluster_AmazonEKSVPCResourceControllerPolicy",
            "module.eks.aws_iam_role_policy_attachment.workers_AmazonEC2ContainerRegistryReadOnly",
            "module.eks.aws_iam_role_policy_attachment.workers_AmazonEKSWorkerNodePolicy",
            "module.eks.aws_iam_role_policy_attachment.workers_AmazonEKS_CNI_Policy",
            "module.eks.aws_iam_role_policy_attachment.workers_additional_policies",
            "module.eks.aws_security_group.cluster",
            "module.eks.aws_security_group.workers",
            "module.eks.aws_security_group_rule.cluster_egress_internet",
            "module.eks.aws_security_group_rule.cluster_https_worker_ingress",
            "module.eks.aws_security_group_rule.cluster_primary_ingress_workers",
            "module.eks.aws_security_group_rule.workers_egress_internet",
            "module.eks.aws_security_group_rule.workers_ingress_cluster",
            "module.eks.aws_security_group_rule.workers_ingress_cluster_https",
            "module.eks.aws_security_group_rule.workers_ingress_cluster_kubelet",
            "module.eks.aws_security_group_rule.workers_ingress_cluster_primary",
            "module.eks.aws_security_group_rule.workers_ingress_self",
            "module.eks.data.aws_ami.eks_worker",
            "module.eks.data.aws_ami.eks_worker_windows",
            "module.eks.data.aws_iam_instance_profile.custom_worker_group_iam_instance_profile",
            "module.eks.data.aws_iam_policy_document.cluster_assume_role_policy",
            "module.eks.data.aws_iam_policy_document.workers_assume_role_policy",
            "module.eks.data.aws_iam_role.custom_cluster_iam_role",
            "module.eks.data.aws_partition.current",
            "module.vpc.aws_subnet.private",
            "module.vpc.aws_vpc.this",
            "module.vpc.aws_vpc_ipv4_cidr_block_association.this",
            "random_string.suffix"
          ],
          "create_before_destroy": true
        },
        {
          "index_key": 1,
          "schema_version": 0,
          "attributes": {
            "arn": "arn:aws:autoscaling:us-west-1:079825609440:launchConfiguration:66fb07c8-3a31-4d0c-9ef9-5f723356c642:launchConfigurationName/cluster-ayushsbankuno-8Jy5fNo3-worker-group-ayushsbankuno-worker-group-220211008093153752200000012",
            "associate_public_ip_address": false,
            "ebs_block_device": [],
            "ebs_optimized": true,
            "enable_monitoring": true,
            "ephemeral_block_device": [],
            "iam_instance_profile": "cluster-ayushsbankuno-8Jy5fNo32021100809315000250000000d",
            "id": "cluster-ayushsbankuno-8Jy5fNo3-worker-group-ayushsbankuno-worker-group-220211008093153752200000012",
            "image_id": "ami-077417f36e2c1ec63",
            "instance_type": "m5a.xlarge",
            "key_name": "",
            "metadata_options": [
              {
                "http_endpoint": "enabled",
                "http_put_response_hop_limit": 1,
                "http_tokens": "optional"
              }
            ],
            "name": "cluster-ayushsbankuno-8Jy5fNo3-worker-group-ayushsbankuno-worker-group-220211008093153752200000012",
            "name_prefix": "cluster-ayushsbankuno-8Jy5fNo3-worker-group-ayushsbankuno-worker-group-2",
            "placement_tenancy": "",
            "root_block_device": [
              {
                "delete_on_termination": true,
                "encrypted": false,
                "iops": 0,
                "throughput": 0,
                "volume_size": 100,
                "volume_type": "gp2"
              }
            ],
            "security_groups": [
              "sg-04243dad6a10c88c0",
              "sg-0a289a2980b23eaa4"
            ],
            "spot_price": "",
            "user_data": null,
            "user_data_base64": "IyEvYmluL2Jhc2ggLWUKCiMgQWxsb3cgdXNlciBzdXBwbGllZCBwcmUgdXNlcmRhdGEgY29kZQoKCiMgQm9vdHN0cmFwIGFuZCBqb2luIHRoZSBjbHVzdGVyCi9ldGMvZWtzL2Jvb3RzdHJhcC5zaCAtLWI2NC1jbHVzdGVyLWNhICdMUzB0TFMxQ1JVZEpUaUJEUlZKVVNVWkpRMEZVUlMwdExTMHRDazFKU1VONVJFTkRRV0pEWjBGM1NVSkJaMGxDUVVSQlRrSm5hM0ZvYTJsSE9YY3dRa0ZSYzBaQlJFRldUVkpOZDBWUldVUldVVkZFUlhkd2NtUlhTbXdLWTIwMWJHUkhWbnBOUWpSWVJGUkplRTFVUVhkUFJFRTFUV3BGZWsxR2IxaEVWRTE0VFZSQmQwNXFRVFZOYWtWNlRVWnZkMFpVUlZSTlFrVkhRVEZWUlFwQmVFMUxZVE5XYVZwWVNuVmFXRkpzWTNwRFEwRlRTWGRFVVZsS1MyOWFTV2gyWTA1QlVVVkNRbEZCUkdkblJWQkJSRU5EUVZGdlEyZG5SVUpCVEhaSkNsZGtRVWhuU0VSWmRpdGtUM2xVZWtKU2NqZzFlVVI0TlhoaGRDdGFhM2hZUldSd1FubEZaRVJKT0haVmQzUlFZVlZEU0hCRlEweE1lV3BPTm13NWVTc0tkMHR2WldsU1RHNDRNRkprVEVod1MxUlVabkEyYTJkVU16bElaMGhPY0c1YU9VbEVZVFVyZFZsSlNrTXpNVzR4ZWpselZTdFhSMVpQZGsxc1VFZEZiUXBxU0ZoRU1YcFBVM2hFUld3eE1sQjVZVkJtTlN0WlNqSnhka2xPVWpGNVNYbHZOVFF4Y0ZaYU9EUkVVM2x4UVZkS2JVd3hZeTlpY0hwTVZraFJlV1Y1Q2t4YVpFRXJOMGxvWVhoWlRtNTRWVFp6Vm5vNE4zQXpaVXdyTlcxd1pUSmlLMnRYVGxNd1dVdEljSHBoV2xaYVRYSktNbGhvVjFkUVZXMVJhRXBtUlhnS2NIbDZjRlZrVFdkblpFWjVWVWRNY21SV2IyMUlXbE5SWW5ORE4yZEVXRzFDVGpoQ1dWQlRUUzh6TjBaQk9HWTNWR3Q1VEhnMlN6bE9OMXBPU210TGNBcDZRbWd4Um1OUWFUQnRLMFZSYkN0T1VqSnJRMEYzUlVGQllVMXFUVU5GZDBSbldVUldVakJRUVZGSUwwSkJVVVJCWjB0clRVRTRSMEV4VldSRmQwVkNDaTkzVVVaTlFVMUNRV1k0ZDBSUldVcExiMXBKYUhaalRrRlJSVXhDVVVGRVoyZEZRa0ZJYUVnNFRUTkRTVk5uZWpSdlZIWTROV2d3YnpVemNqVm5haXNLWTJrM1JIUTVjV1kwUkRGeE1GQkhaMGhCS3prMmVUUnhOelJQYUhJMFJtVk9XRUl6T0RSVU5YSTVhRFV6V2sxbFQyTTVWMjEyY25ZM1JHSnVUMVYzYndwUVRIaGtUelpHV21nME0yaFJVM0pYY3pKYVRqRXljVkFyZW5JclZUaDBjVlYxYkZweE1XNTZUM2t4UVZoV2FIVkhNbTgyV2k4MlNFSmljMWR1Vm5GUENtOTRjVlExTDJOUmJWVmFjbEZMUmtGTmNtcE5hMlkyZGxSSVJGRlNUVmxUZFRCTVJVSkpSMVZoVFdOUFJYZFJWRm81ZVdwWk9HeEhiVGN2WmpnMlUxZ0tWR2xPWlRsbmNrTTRNRkpEVUd4dFVrd3ZWbkphVW5OeU0zWmtSMUYzYjIwMlpUVnhORXRDYjB3dlJUQlVTMDFsVFZoSkx6TlJRbWRKWW5sbGFGbFhaUXBNVDNoTUsyOHpZa3hYVkVOMU9FVjFNakJMZERocWFtNXZUMng2U2l0MVdGUm1TR056ZVd4WFYxTnZkeTlPZVZsb1FYaExXR3N2Tm14bFFUMEtMUzB0TFMxRlRrUWdRMFZTVkVsR1NVTkJWRVV0TFMwdExRbz0nIC0tYXBpc2VydmVyLWVuZHBvaW50ICdodHRwczovL0JGMURERkU5NUE5OTRCMDlDQzM3MjgxNjU2NzlFOTQ4LnlsNC51cy13ZXN0LTEuZWtzLmFtYXpvbmF3cy5jb20nICAtLWt1YmVsZXQtZXh0cmEtYXJncyAiIiAnY2x1c3Rlci1heXVzaHNiYW5rdW5vLThKeTVmTm8zJwoKIyBBbGxvdyB1c2VyIHN1cHBsaWVkIHVzZXJkYXRhIGNvZGUKTkEK",
            "vpc_classic_link_id": "",
            "vpc_classic_link_security_groups": null
          },
          "sensitive_attributes": [],
          "private": "bnVsbA==",
          "dependencies": [
            "aws_security_group.worker_group_mgmt_one",
            "aws_security_group.worker_group_mgmt_two",
            "data.aws_availability_zones.available",
            "module.eks.aws_cloudwatch_log_group.this",
            "module.eks.aws_eks_cluster.this",
            "module.eks.aws_iam_instance_profile.workers",
            "module.eks.aws_iam_role.cluster",
            "module.eks.aws_iam_role.workers",
            "module.eks.aws_iam_role_policy_attachment.cluster_AmazonEKSClusterPolicy",
            "module.eks.aws_iam_role_policy_attachment.cluster_AmazonEKSServicePolicy",
            "module.eks.aws_iam_role_policy_attachment.cluster_AmazonEKSVPCResourceControllerPolicy",
            "module.eks.aws_iam_role_policy_attachment.workers_AmazonEC2ContainerRegistryReadOnly",
            "module.eks.aws_iam_role_policy_attachment.workers_AmazonEKSWorkerNodePolicy",
            "module.eks.aws_iam_role_policy_attachment.workers_AmazonEKS_CNI_Policy",
            "module.eks.aws_iam_role_policy_attachment.workers_additional_policies",
            "module.eks.aws_security_group.cluster",
            "module.eks.aws_security_group.workers",
            "module.eks.aws_security_group_rule.cluster_egress_internet",
            "module.eks.aws_security_group_rule.cluster_https_worker_ingress",
            "module.eks.aws_security_group_rule.cluster_primary_ingress_workers",
            "module.eks.aws_security_group_rule.workers_egress_internet",
            "module.eks.aws_security_group_rule.workers_ingress_cluster",
            "module.eks.aws_security_group_rule.workers_ingress_cluster_https",
            "module.eks.aws_security_group_rule.workers_ingress_cluster_kubelet",
            "module.eks.aws_security_group_rule.workers_ingress_cluster_primary",
            "module.eks.aws_security_group_rule.workers_ingress_self",
            "module.eks.data.aws_ami.eks_worker",
            "module.eks.data.aws_ami.eks_worker_windows",
            "module.eks.data.aws_iam_instance_profile.custom_worker_group_iam_instance_profile",
            "module.eks.data.aws_iam_policy_document.cluster_assume_role_policy",
            "module.eks.data.aws_iam_policy_document.workers_assume_role_policy",
            "module.eks.data.aws_iam_role.custom_cluster_iam_role",
            "module.eks.data.aws_partition.current",
            "module.vpc.aws_subnet.private",
            "module.vpc.aws_vpc.this",
            "module.vpc.aws_vpc_ipv4_cidr_block_association.this",
            "random_string.suffix"
          ],
          "create_before_destroy": true
        }
      ]
    },
    {
      "module": "module.eks",
      "mode": "managed",
      "type": "aws_security_group",
      "name": "cluster",
      "provider": "provider[\"registry.terraform.io/hashicorp/aws\"]",
      "instances": [
        {
          "index_key": 0,
          "schema_version": 1,
          "attributes": {
            "arn": "arn:aws:ec2:us-west-1:079825609440:security-group/sg-07c33a99e76d090fd",
            "description": "EKS cluster security group.",
            "egress": [],
            "id": "sg-07c33a99e76d090fd",
            "ingress": [],
            "name": "cluster-ayushsbankuno-8Jy5fNo32021100809151707720000000a",
            "name_prefix": "cluster-ayushsbankuno-8Jy5fNo3",
            "owner_id": "079825609440",
            "revoke_rules_on_delete": false,
            "tags": {
              "Environment": "dev",
              "Name": "cluster-ayushsbankuno-8Jy5fNo3-eks_cluster_sg",
              "Project": "ayushsbankuno"
            },
            "tags_all": {
              "Environment": "dev",
              "Name": "cluster-ayushsbankuno-8Jy5fNo3-eks_cluster_sg",
              "Project": "ayushsbankuno"
            },
            "timeouts": null,
            "vpc_id": "vpc-06fb76e1400c39479"
          },
          "sensitive_attributes": [],
          "private": "eyJlMmJmYjczMC1lY2FhLTExZTYtOGY4OC0zNDM2M2JjN2M0YzAiOnsiY3JlYXRlIjo2MDAwMDAwMDAwMDAsImRlbGV0ZSI6OTAwMDAwMDAwMDAwfSwic2NoZW1hX3ZlcnNpb24iOiIxIn0=",
          "dependencies": [
            "module.vpc.aws_vpc.this",
            "random_string.suffix"
          ],
          "create_before_destroy": true
        }
      ]
    },
    {
      "module": "module.eks",
      "mode": "managed",
      "type": "aws_security_group",
      "name": "workers",
      "provider": "provider[\"registry.terraform.io/hashicorp/aws\"]",
      "instances": [
        {
          "index_key": 0,
          "schema_version": 1,
          "attributes": {
            "arn": "arn:aws:ec2:us-west-1:079825609440:security-group/sg-0a289a2980b23eaa4",
            "description": "Security group for all nodes in the cluster.",
            "egress": [],
            "id": "sg-0a289a2980b23eaa4",
            "ingress": [],
            "name": "cluster-ayushsbankuno-8Jy5fNo32021100809151721940000000b",
            "name_prefix": "cluster-ayushsbankuno-8Jy5fNo3",
            "owner_id": "079825609440",
            "revoke_rules_on_delete": false,
            "tags": {
              "Environment": "dev",
              "Name": "cluster-ayushsbankuno-8Jy5fNo3-eks_worker_sg",
              "Project": "ayushsbankuno",
              "kubernetes.io/cluster/cluster-ayushsbankuno-8Jy5fNo3": "owned"
            },
            "tags_all": {
              "Environment": "dev",
              "Name": "cluster-ayushsbankuno-8Jy5fNo3-eks_worker_sg",
              "Project": "ayushsbankuno",
              "kubernetes.io/cluster/cluster-ayushsbankuno-8Jy5fNo3": "owned"
            },
            "timeouts": null,
            "vpc_id": "vpc-06fb76e1400c39479"
          },
          "sensitive_attributes": [],
          "private": "eyJlMmJmYjczMC1lY2FhLTExZTYtOGY4OC0zNDM2M2JjN2M0YzAiOnsiY3JlYXRlIjo2MDAwMDAwMDAwMDAsImRlbGV0ZSI6OTAwMDAwMDAwMDAwfSwic2NoZW1hX3ZlcnNpb24iOiIxIn0=",
          "dependencies": [
            "module.vpc.aws_vpc.this",
            "random_string.suffix"
          ],
          "create_before_destroy": true
        }
      ]
    },
    {
      "module": "module.eks",
      "mode": "managed",
      "type": "aws_security_group_rule",
      "name": "cluster_egress_internet",
      "provider": "provider[\"registry.terraform.io/hashicorp/aws\"]",
      "instances": [
        {
          "index_key": 0,
          "schema_version": 2,
          "attributes": {
            "cidr_blocks": [
              "0.0.0.0/0"
            ],
            "description": "Allow cluster egress access to the Internet.",
            "from_port": 0,
            "id": "sgrule-3441393610",
            "ipv6_cidr_blocks": null,
            "prefix_list_ids": null,
            "protocol": "-1",
            "security_group_id": "sg-07c33a99e76d090fd",
            "self": false,
            "source_security_group_id": null,
            "to_port": 0,
            "type": "egress"
          },
          "sensitive_attributes": [],
          "private": "eyJzY2hlbWFfdmVyc2lvbiI6IjIifQ==",
          "dependencies": [
            "module.eks.aws_security_group.cluster",
            "module.vpc.aws_vpc.this",
            "random_string.suffix"
          ],
          "create_before_destroy": true
        }
      ]
    },
    {
      "module": "module.eks",
      "mode": "managed",
      "type": "aws_security_group_rule",
      "name": "cluster_https_worker_ingress",
      "provider": "provider[\"registry.terraform.io/hashicorp/aws\"]",
      "instances": [
        {
          "index_key": 0,
          "schema_version": 2,
          "attributes": {
            "cidr_blocks": null,
            "description": "Allow pods to communicate with the EKS cluster API.",
            "from_port": 443,
            "id": "sgrule-970907984",
            "ipv6_cidr_blocks": null,
            "prefix_list_ids": null,
            "protocol": "tcp",
            "security_group_id": "sg-07c33a99e76d090fd",
            "self": false,
            "source_security_group_id": "sg-0a289a2980b23eaa4",
            "to_port": 443,
            "type": "ingress"
          },
          "sensitive_attributes": [],
          "private": "eyJzY2hlbWFfdmVyc2lvbiI6IjIifQ==",
          "dependencies": [
            "module.eks.aws_security_group.cluster",
            "module.eks.aws_security_group.workers",
            "module.vpc.aws_vpc.this",
            "random_string.suffix"
          ],
          "create_before_destroy": true
        }
      ]
    },
    {
      "module": "module.eks",
      "mode": "managed",
      "type": "aws_security_group_rule",
      "name": "workers_egress_internet",
      "provider": "provider[\"registry.terraform.io/hashicorp/aws\"]",
      "instances": [
        {
          "index_key": 0,
          "schema_version": 2,
          "attributes": {
            "cidr_blocks": [
              "0.0.0.0/0"
            ],
            "description": "Allow nodes all egress to the Internet.",
            "from_port": 0,
            "id": "sgrule-2258862155",
            "ipv6_cidr_blocks": null,
            "prefix_list_ids": null,
            "protocol": "-1",
            "security_group_id": "sg-0a289a2980b23eaa4",
            "self": false,
            "source_security_group_id": null,
            "to_port": 0,
            "type": "egress"
          },
          "sensitive_attributes": [],
          "private": "eyJzY2hlbWFfdmVyc2lvbiI6IjIifQ==",
          "dependencies": [
            "module.eks.aws_security_group.workers",
            "module.vpc.aws_vpc.this",
            "random_string.suffix"
          ],
          "create_before_destroy": true
        }
      ]
    },
    {
      "module": "module.eks",
      "mode": "managed",
      "type": "aws_security_group_rule",
      "name": "workers_ingress_cluster",
      "provider": "provider[\"registry.terraform.io/hashicorp/aws\"]",
      "instances": [
        {
          "index_key": 0,
          "schema_version": 2,
          "attributes": {
            "cidr_blocks": null,
            "description": "Allow workers pods to receive communication from the cluster control plane.",
            "from_port": 1025,
            "id": "sgrule-2128441645",
            "ipv6_cidr_blocks": null,
            "prefix_list_ids": null,
            "protocol": "tcp",
            "security_group_id": "sg-0a289a2980b23eaa4",
            "self": false,
            "source_security_group_id": "sg-07c33a99e76d090fd",
            "to_port": 65535,
            "type": "ingress"
          },
          "sensitive_attributes": [],
          "private": "eyJzY2hlbWFfdmVyc2lvbiI6IjIifQ==",
          "dependencies": [
            "module.eks.aws_security_group.cluster",
            "module.eks.aws_security_group.workers",
            "module.vpc.aws_vpc.this",
            "random_string.suffix"
          ],
          "create_before_destroy": true
        }
      ]
    },
    {
      "module": "module.eks",
      "mode": "managed",
      "type": "aws_security_group_rule",
      "name": "workers_ingress_cluster_https",
      "provider": "provider[\"registry.terraform.io/hashicorp/aws\"]",
      "instances": [
        {
          "index_key": 0,
          "schema_version": 2,
          "attributes": {
            "cidr_blocks": null,
            "description": "Allow pods running extension API servers on port 443 to receive communication from cluster control plane.",
            "from_port": 443,
            "id": "sgrule-1278300359",
            "ipv6_cidr_blocks": null,
            "prefix_list_ids": null,
            "protocol": "tcp",
            "security_group_id": "sg-0a289a2980b23eaa4",
            "self": false,
            "source_security_group_id": "sg-07c33a99e76d090fd",
            "to_port": 443,
            "type": "ingress"
          },
          "sensitive_attributes": [],
          "private": "eyJzY2hlbWFfdmVyc2lvbiI6IjIifQ==",
          "dependencies": [
            "module.eks.aws_security_group.cluster",
            "module.eks.aws_security_group.workers",
            "module.vpc.aws_vpc.this",
            "random_string.suffix"
          ],
          "create_before_destroy": true
        }
      ]
    },
    {
      "module": "module.eks",
      "mode": "managed",
      "type": "aws_security_group_rule",
      "name": "workers_ingress_self",
      "provider": "provider[\"registry.terraform.io/hashicorp/aws\"]",
      "instances": [
        {
          "index_key": 0,
          "schema_version": 2,
          "attributes": {
            "cidr_blocks": null,
            "description": "Allow node to communicate with each other.",
            "from_port": 0,
            "id": "sgrule-1633091757",
            "ipv6_cidr_blocks": null,
            "prefix_list_ids": null,
            "protocol": "-1",
            "security_group_id": "sg-0a289a2980b23eaa4",
            "self": false,
            "source_security_group_id": "sg-0a289a2980b23eaa4",
            "to_port": 65535,
            "type": "ingress"
          },
          "sensitive_attributes": [],
          "private": "eyJzY2hlbWFfdmVyc2lvbiI6IjIifQ==",
          "dependencies": [
            "module.eks.aws_security_group.workers",
            "module.vpc.aws_vpc.this",
            "random_string.suffix"
          ],
          "create_before_destroy": true
        }
      ]
    },
    {
      "module": "module.eks",
      "mode": "managed",
      "type": "kubernetes_config_map",
      "name": "aws_auth",
      "provider": "provider[\"registry.terraform.io/hashicorp/kubernetes\"]",
      "instances": [
        {
          "index_key": 0,
          "schema_version": 0,
          "attributes": {
            "binary_data": null,
            "data": {
              "mapAccounts": "[]\n",
              "mapRoles": "- \"groups\":\n  - \"system:bootstrappers\"\n  - \"system:nodes\"\n  \"rolearn\": \"arn:aws:iam::079825609440:role/cluster-ayushsbankuno-8Jy5fNo32021100809314620560000000c\"\n  \"username\": \"system:node:{{EC2PrivateDNSName}}\"\n",
              "mapUsers": "[]\n"
            },
            "id": "kube-system/aws-auth",
            "metadata": [
              {
                "annotations": null,
                "generate_name": "",
                "generation": 0,
                "labels": {
                  "app.kubernetes.io/managed-by": "Terraform",
                  "terraform.io/module": "terraform-aws-modules.eks.aws"
                },
                "name": "aws-auth",
                "namespace": "kube-system",
                "resource_version": "1710",
                "uid": "aea9f945-6d38-42dc-9ee8-bb932d79d452"
              }
            ]
          },
          "sensitive_attributes": [],
          "private": "bnVsbA==",
          "dependencies": [
            "aws_security_group.worker_group_mgmt_one",
            "aws_security_group.worker_group_mgmt_two",
            "data.aws_availability_zones.available",
            "data.aws_eks_cluster.cluster",
            "module.eks.aws_cloudwatch_log_group.this",
            "module.eks.aws_eks_cluster.this",
            "module.eks.aws_iam_instance_profile.workers",
            "module.eks.aws_iam_instance_profile.workers_launch_template",
            "module.eks.aws_iam_role.cluster",
            "module.eks.aws_iam_role.workers",
            "module.eks.aws_iam_role_policy_attachment.cluster_AmazonEKSClusterPolicy",
            "module.eks.aws_iam_role_policy_attachment.cluster_AmazonEKSServicePolicy",
            "module.eks.aws_iam_role_policy_attachment.cluster_AmazonEKSVPCResourceControllerPolicy",
            "module.eks.aws_security_group.cluster",
            "module.eks.aws_security_group.workers",
            "module.eks.aws_security_group_rule.cluster_egress_internet",
            "module.eks.aws_security_group_rule.cluster_https_worker_ingress",
            "module.eks.aws_security_group_rule.cluster_private_access_cidrs_source",
            "module.eks.aws_security_group_rule.cluster_private_access_sg_source",
            "module.eks.data.aws_ami.eks_worker",
            "module.eks.data.aws_ami.eks_worker_windows",
            "module.eks.data.aws_caller_identity.current",
            "module.eks.data.aws_iam_instance_profile.custom_worker_group_iam_instance_profile",
            "module.eks.data.aws_iam_instance_profile.custom_worker_group_launch_template_iam_instance_profile",
            "module.eks.data.aws_iam_policy_document.cluster_assume_role_policy",
            "module.eks.data.aws_iam_policy_document.workers_assume_role_policy",
            "module.eks.data.aws_iam_role.custom_cluster_iam_role",
            "module.eks.data.aws_partition.current",
            "module.eks.data.http.wait_for_cluster",
            "module.eks.module.fargate.aws_iam_role.eks_fargate_pod",
            "module.eks.module.fargate.data.aws_iam_role.custom_fargate_iam_role",
            "module.vpc.aws_subnet.private",
            "module.vpc.aws_vpc.this",
            "module.vpc.aws_vpc_ipv4_cidr_block_association.this",
            "random_string.suffix"
          ]
        }
      ]
    },
    {
      "module": "module.eks",
      "mode": "managed",
      "type": "local_file",
      "name": "kubeconfig",
      "provider": "provider[\"registry.terraform.io/hashicorp/local\"]",
      "instances": [
        {
          "index_key": 0,
          "schema_version": 0,
          "attributes": {
            "content": "apiVersion: v1\npreferences: {}\nkind: Config\n\nclusters:\n- cluster:\n    server: https://BF1DDFE95A994B09CC3728165679E948.yl4.us-west-1.eks.amazonaws.com\n    certificate-authority-data: LS0tLS1CRUdJTiBDRVJUSUZJQ0FURS0tLS0tCk1JSUN5RENDQWJDZ0F3SUJBZ0lCQURBTkJna3Foa2lHOXcwQkFRc0ZBREFWTVJNd0VRWURWUVFERXdwcmRXSmwKY201bGRHVnpNQjRYRFRJeE1UQXdPREE1TWpFek1Gb1hEVE14TVRBd05qQTVNakV6TUZvd0ZURVRNQkVHQTFVRQpBeE1LYTNWaVpYSnVaWFJsY3pDQ0FTSXdEUVlKS29aSWh2Y05BUUVCQlFBRGdnRVBBRENDQVFvQ2dnRUJBTHZJCldkQUhnSERZditkT3lUekJScjg1eUR4NXhhdCtaa3hYRWRwQnlFZERJOHZVd3RQYVVDSHBFQ0xMeWpONmw5eSsKd0tvZWlSTG44MFJkTEhwS1RUZnA2a2dUMzlIZ0hOcG5aOUlEYTUrdVlJSkMzMW4xejlzVStXR1ZPdk1sUEdFbQpqSFhEMXpPU3hERWwxMlB5YVBmNStZSjJxdklOUjF5SXlvNTQxcFZaODREU3lxQVdKbUwxYy9icHpMVkhReWV5CkxaZEErN0loYXhZTm54VTZzVno4N3AzZUwrNW1wZTJiK2tXTlMwWUtIcHphWlZaTXJKMlhoV1dQVW1RaEpmRXgKcHl6cFVkTWdnZEZ5VUdMcmRWb21IWlNRYnNDN2dEWG1CTjhCWVBTTS8zN0ZBOGY3VGt5THg2SzlON1pOSmtLcAp6QmgxRmNQaTBtK0VRbCtOUjJrQ0F3RUFBYU1qTUNFd0RnWURWUjBQQVFIL0JBUURBZ0trTUE4R0ExVWRFd0VCCi93UUZNQU1CQWY4d0RRWUpLb1pJaHZjTkFRRUxCUUFEZ2dFQkFIaEg4TTNDSVNnejRvVHY4NWgwbzUzcjVnaisKY2k3RHQ5cWY0RDFxMFBHZ0hBKzk2eTRxNzRPaHI0RmVOWEIzODRUNXI5aDUzWk1lT2M5V212cnY3RGJuT1V3bwpQTHhkTzZGWmg0M2hRU3JXczJaTjEycVArenIrVTh0cVV1bFpxMW56T3kxQVhWaHVHMm82Wi82SEJic1duVnFPCm94cVQ1L2NRbVVaclFLRkFNcmpNa2Y2dlRIRFFSTVlTdTBMRUJJR1VhTWNPRXdRVFo5eWpZOGxHbTcvZjg2U1gKVGlOZTlnckM4MFJDUGxtUkwvVnJaUnNyM3ZkR1F3b202ZTVxNEtCb0wvRTBUS01lTVhJLzNRQmdJYnllaFlXZQpMT3hMK28zYkxXVEN1OEV1MjBLdDhqam5vT2x6Sit1WFRmSGNzeWxXV1Nvdy9OeVloQXhLWGsvNmxlQT0KLS0tLS1FTkQgQ0VSVElGSUNBVEUtLS0tLQo=\n  name: eks_cluster-ayushsbankuno-8Jy5fNo3\n\ncontexts:\n- context:\n    cluster: eks_cluster-ayushsbankuno-8Jy5fNo3\n    user: eks_cluster-ayushsbankuno-8Jy5fNo3\n  name: eks_cluster-ayushsbankuno-8Jy5fNo3\n\ncurrent-context: eks_cluster-ayushsbankuno-8Jy5fNo3\n\nusers:\n- name: eks_cluster-ayushsbankuno-8Jy5fNo3\n  user:\n    exec:\n      apiVersion: client.authentication.k8s.io/v1alpha1\n      command: aws-iam-authenticator\n      args:\n        - \"token\"\n        - \"-i\"\n        - \"cluster-ayushsbankuno-8Jy5fNo3\"\n",
            "content_base64": null,
            "directory_permission": "0755",
            "file_permission": "0600",
            "filename": "./kubeconfig_cluster-ayushsbankuno-8Jy5fNo3",
            "id": "9957969155e85dcbaa35977630173c9b39230932",
            "sensitive_content": null,
            "source": null
          },
          "sensitive_attributes": [],
          "private": "bnVsbA==",
          "dependencies": [
            "data.aws_availability_zones.available",
            "module.eks.aws_cloudwatch_log_group.this",
            "module.eks.aws_eks_cluster.this",
            "module.eks.aws_iam_role.cluster",
            "module.eks.aws_iam_role_policy_attachment.cluster_AmazonEKSClusterPolicy",
            "module.eks.aws_iam_role_policy_attachment.cluster_AmazonEKSServicePolicy",
            "module.eks.aws_iam_role_policy_attachment.cluster_AmazonEKSVPCResourceControllerPolicy",
            "module.eks.aws_security_group.cluster",
            "module.eks.aws_security_group.workers",
            "module.eks.aws_security_group_rule.cluster_egress_internet",
            "module.eks.aws_security_group_rule.cluster_https_worker_ingress",
            "module.eks.data.aws_iam_policy_document.cluster_assume_role_policy",
            "module.eks.data.aws_iam_role.custom_cluster_iam_role",
            "module.eks.data.aws_partition.current",
            "module.vpc.aws_subnet.private",
            "module.vpc.aws_vpc.this",
            "module.vpc.aws_vpc_ipv4_cidr_block_association.this",
            "random_string.suffix"
          ]
        }
      ]
    },
    {
      "module": "module.eks.module.fargate",
      "mode": "data",
      "type": "aws_partition",
      "name": "current",
      "provider": "provider[\"registry.terraform.io/hashicorp/aws\"]",
      "instances": [
        {
          "schema_version": 0,
          "attributes": {
            "dns_suffix": "amazonaws.com",
            "id": "aws",
            "partition": "aws",
            "reverse_dns_prefix": "com.amazonaws"
          },
          "sensitive_attributes": []
        }
      ]
    },
    {
      "module": "module.s3",
      "mode": "managed",
      "type": "aws_s3_bucket",
      "name": "this",
      "provider": "provider[\"registry.terraform.io/hashicorp/aws\"]",
      "instances": [
        {
          "index_key": 0,
          "schema_version": 0,
          "attributes": {
            "acceleration_status": "",
            "acl": "public-read",
            "arn": "arn:aws:s3:::s3-dev-ayushsbankuno",
            "bucket": "s3-dev-ayushsbankuno",
            "bucket_domain_name": "s3-dev-ayushsbankuno.s3.amazonaws.com",
            "bucket_prefix": null,
            "bucket_regional_domain_name": "s3-dev-ayushsbankuno.s3.us-west-1.amazonaws.com",
            "cors_rule": [
              {
                "allowed_headers": [
                  "Authorization",
                  "Content-Range",
                  "Accept",
                  "Content-Type",
                  "Origin",
                  "Range"
                ],
                "allowed_methods": [
                  "GET"
                ],
                "allowed_origins": [
                  "*"
                ],
                "expose_headers": [
                  "Content-Range",
                  "Content-Length",
                  "ETag"
                ],
                "max_age_seconds": 3000
              }
            ],
            "force_destroy": false,
            "grant": [],
            "hosted_zone_id": "Z2F56UZL2M1ACD",
            "id": "s3-dev-ayushsbankuno",
            "lifecycle_rule": [],
            "logging": [],
            "object_lock_configuration": [],
            "policy": null,
            "region": "us-west-1",
            "replication_configuration": [],
            "request_payer": "BucketOwner",
            "server_side_encryption_configuration": [],
            "tags": {
              "Environment": "dev",
              "Project": "ayushsbankuno"
            },
            "tags_all": {
              "Environment": "dev",
              "Project": "ayushsbankuno"
            },
            "versioning": [
              {
                "enabled": false,
                "mfa_delete": false
              }
            ],
            "website": [],
            "website_domain": null,
            "website_endpoint": null
          },
          "sensitive_attributes": [],
          "private": "bnVsbA=="
        }
      ]
    },
    {
      "module": "module.s3",
      "mode": "managed",
      "type": "aws_s3_bucket_public_access_block",
      "name": "this",
      "provider": "provider[\"registry.terraform.io/hashicorp/aws\"]",
      "instances": [
        {
          "index_key": 0,
          "schema_version": 0,
          "attributes": {
            "block_public_acls": false,
            "block_public_policy": false,
            "bucket": "s3-dev-ayushsbankuno",
            "id": "s3-dev-ayushsbankuno",
            "ignore_public_acls": false,
            "restrict_public_buckets": false
          },
          "sensitive_attributes": [],
          "private": "bnVsbA==",
          "dependencies": [
            "module.s3.aws_s3_bucket.this",
            "module.s3.aws_s3_bucket_policy.this"
          ]
        }
      ]
    },
    {
      "module": "module.vpc",
      "mode": "managed",
      "type": "aws_eip",
      "name": "nat",
      "provider": "provider[\"registry.terraform.io/hashicorp/aws\"]",
      "instances": [
        {
          "index_key": 0,
          "schema_version": 0,
          "attributes": {
            "address": null,
            "allocation_id": null,
            "associate_with_private_ip": null,
            "association_id": "",
            "carrier_ip": "",
            "customer_owned_ip": "",
            "customer_owned_ipv4_pool": "",
            "domain": "vpc",
            "id": "eipalloc-80f61e9b",
            "instance": "",
            "network_border_group": "us-west-1",
            "network_interface": "",
            "private_dns": null,
            "private_ip": "",
            "public_dns": "ec2-54-193-221-150.us-west-1.compute.amazonaws.com",
            "public_ip": "54.193.221.150",
            "public_ipv4_pool": "amazon",
            "tags": {
              "Environment": "dev",
              "Name": "vpc-dev-ayushsbankuno-us-west-1a",
              "Project": "ayushsbankuno",
              "kubernetes.io/cluster/cluster-ayushsbankuno-8Jy5fNo3": "shared"
            },
            "tags_all": {
              "Environment": "dev",
              "Name": "vpc-dev-ayushsbankuno-us-west-1a",
              "Project": "ayushsbankuno",
              "kubernetes.io/cluster/cluster-ayushsbankuno-8Jy5fNo3": "shared"
            },
            "timeouts": null,
            "vpc": true
          },
          "sensitive_attributes": [],
          "private": "eyJlMmJmYjczMC1lY2FhLTExZTYtOGY4OC0zNDM2M2JjN2M0YzAiOnsiZGVsZXRlIjoxODAwMDAwMDAwMDAsInJlYWQiOjkwMDAwMDAwMDAwMCwidXBkYXRlIjozMDAwMDAwMDAwMDB9fQ==",
          "dependencies": [
            "data.aws_availability_zones.available",
            "random_string.suffix"
          ]
        }
      ]
    },
    {
      "module": "module.vpc",
      "mode": "managed",
      "type": "aws_internet_gateway",
      "name": "this",
      "provider": "provider[\"registry.terraform.io/hashicorp/aws\"]",
      "instances": [
        {
          "index_key": 0,
          "schema_version": 0,
          "attributes": {
            "arn": "arn:aws:ec2:us-west-1:079825609440:internet-gateway/igw-0403e0309389507ce",
            "id": "igw-0403e0309389507ce",
            "owner_id": "079825609440",
            "tags": {
              "Environment": "dev",
              "Name": "vpc-dev-ayushsbankuno",
              "Project": "ayushsbankuno",
              "kubernetes.io/cluster/cluster-ayushsbankuno-8Jy5fNo3": "shared"
            },
            "tags_all": {
              "Environment": "dev",
              "Name": "vpc-dev-ayushsbankuno",
              "Project": "ayushsbankuno",
              "kubernetes.io/cluster/cluster-ayushsbankuno-8Jy5fNo3": "shared"
            },
            "vpc_id": "vpc-06fb76e1400c39479"
          },
          "sensitive_attributes": [],
          "private": "bnVsbA==",
          "dependencies": [
            "module.vpc.aws_vpc.this",
            "module.vpc.aws_vpc_ipv4_cidr_block_association.this",
            "random_string.suffix"
          ]
        }
      ]
    },
    {
      "module": "module.vpc",
      "mode": "managed",
      "type": "aws_nat_gateway",
      "name": "this",
      "provider": "provider[\"registry.terraform.io/hashicorp/aws\"]",
      "instances": [
        {
          "index_key": 0,
          "schema_version": 0,
          "attributes": {
            "allocation_id": "eipalloc-80f61e9b",
            "connectivity_type": "public",
            "id": "nat-0492fea84e8af8a60",
            "network_interface_id": "eni-0415537f0f50865d9",
            "private_ip": "172.16.8.202",
            "public_ip": "54.193.221.150",
            "subnet_id": "subnet-03e0a4764c6ba7711",
            "tags": {
              "Environment": "dev",
              "Name": "vpc-dev-ayushsbankuno-us-west-1a",
              "Project": "ayushsbankuno",
              "kubernetes.io/cluster/cluster-ayushsbankuno-8Jy5fNo3": "shared"
            },
            "tags_all": {
              "Environment": "dev",
              "Name": "vpc-dev-ayushsbankuno-us-west-1a",
              "Project": "ayushsbankuno",
              "kubernetes.io/cluster/cluster-ayushsbankuno-8Jy5fNo3": "shared"
            }
          },
          "sensitive_attributes": [],
          "private": "bnVsbA==",
          "dependencies": [
            "data.aws_availability_zones.available",
            "module.vpc.aws_eip.nat",
            "module.vpc.aws_internet_gateway.this",
            "module.vpc.aws_subnet.public",
            "module.vpc.aws_vpc.this",
            "module.vpc.aws_vpc_ipv4_cidr_block_association.this",
            "random_string.suffix"
          ]
        }
      ]
    },
    {
      "module": "module.vpc",
      "mode": "managed",
      "type": "aws_route",
      "name": "private_nat_gateway",
      "provider": "provider[\"registry.terraform.io/hashicorp/aws\"]",
      "instances": [
        {
          "index_key": 0,
          "schema_version": 0,
          "attributes": {
            "carrier_gateway_id": "",
            "destination_cidr_block": "0.0.0.0/0",
            "destination_ipv6_cidr_block": "",
            "destination_prefix_list_id": "",
            "egress_only_gateway_id": "",
            "gateway_id": "",
            "id": "r-rtb-084acfe113bdab6141080289494",
            "instance_id": "",
            "instance_owner_id": "",
            "local_gateway_id": "",
            "nat_gateway_id": "nat-0492fea84e8af8a60",
            "network_interface_id": "",
            "origin": "CreateRoute",
            "route_table_id": "rtb-084acfe113bdab614",
            "state": "active",
            "timeouts": {
              "create": "5m",
              "delete": null
            },
            "transit_gateway_id": "",
            "vpc_endpoint_id": "",
            "vpc_peering_connection_id": ""
          },
          "sensitive_attributes": [],
          "private": "eyJlMmJmYjczMC1lY2FhLTExZTYtOGY4OC0zNDM2M2JjN2M0YzAiOnsiY3JlYXRlIjozMDAwMDAwMDAwMDAsImRlbGV0ZSI6MzAwMDAwMDAwMDAwfX0=",
          "dependencies": [
            "data.aws_availability_zones.available",
            "module.vpc.aws_eip.nat",
            "module.vpc.aws_internet_gateway.this",
            "module.vpc.aws_nat_gateway.this",
            "module.vpc.aws_route_table.private",
            "module.vpc.aws_subnet.public",
            "module.vpc.aws_vpc.this",
            "module.vpc.aws_vpc_ipv4_cidr_block_association.this",
            "random_string.suffix"
          ]
        }
      ]
    },
    {
      "module": "module.vpc",
      "mode": "managed",
      "type": "aws_route",
      "name": "public_internet_gateway",
      "provider": "provider[\"registry.terraform.io/hashicorp/aws\"]",
      "instances": [
        {
          "index_key": 0,
          "schema_version": 0,
          "attributes": {
            "carrier_gateway_id": "",
            "destination_cidr_block": "0.0.0.0/0",
            "destination_ipv6_cidr_block": "",
            "destination_prefix_list_id": "",
            "egress_only_gateway_id": "",
            "gateway_id": "igw-0403e0309389507ce",
            "id": "r-rtb-03bc2071c77422a771080289494",
            "instance_id": "",
            "instance_owner_id": "",
            "local_gateway_id": "",
            "nat_gateway_id": "",
            "network_interface_id": "",
            "origin": "CreateRoute",
            "route_table_id": "rtb-03bc2071c77422a77",
            "state": "active",
            "timeouts": {
              "create": "5m",
              "delete": null
            },
            "transit_gateway_id": "",
            "vpc_endpoint_id": "",
            "vpc_peering_connection_id": ""
          },
          "sensitive_attributes": [],
          "private": "eyJlMmJmYjczMC1lY2FhLTExZTYtOGY4OC0zNDM2M2JjN2M0YzAiOnsiY3JlYXRlIjozMDAwMDAwMDAwMDAsImRlbGV0ZSI6MzAwMDAwMDAwMDAwfX0=",
          "dependencies": [
            "module.vpc.aws_internet_gateway.this",
            "module.vpc.aws_route_table.public",
            "module.vpc.aws_vpc.this",
            "module.vpc.aws_vpc_ipv4_cidr_block_association.this",
            "random_string.suffix"
          ]
        }
      ]
    },
    {
      "module": "module.vpc",
      "mode": "managed",
      "type": "aws_route_table",
      "name": "private",
      "provider": "provider[\"registry.terraform.io/hashicorp/aws\"]",
      "instances": [
        {
          "index_key": 0,
          "schema_version": 0,
          "attributes": {
            "arn": "arn:aws:ec2:us-west-1:079825609440:route-table/rtb-084acfe113bdab614",
            "id": "rtb-084acfe113bdab614",
            "owner_id": "079825609440",
            "propagating_vgws": [],
            "route": [],
            "tags": {
              "Environment": "dev",
              "Name": "vpc-dev-ayushsbankuno-private",
              "Project": "ayushsbankuno",
              "kubernetes.io/cluster/cluster-ayushsbankuno-8Jy5fNo3": "shared"
            },
            "tags_all": {
              "Environment": "dev",
              "Name": "vpc-dev-ayushsbankuno-private",
              "Project": "ayushsbankuno",
              "kubernetes.io/cluster/cluster-ayushsbankuno-8Jy5fNo3": "shared"
            },
            "vpc_id": "vpc-06fb76e1400c39479"
          },
          "sensitive_attributes": [],
          "private": "bnVsbA==",
          "dependencies": [
            "data.aws_availability_zones.available",
            "module.vpc.aws_vpc.this",
            "module.vpc.aws_vpc_ipv4_cidr_block_association.this",
            "random_string.suffix"
          ]
        }
      ]
    },
    {
      "module": "module.vpc",
      "mode": "managed",
      "type": "aws_route_table",
      "name": "public",
      "provider": "provider[\"registry.terraform.io/hashicorp/aws\"]",
      "instances": [
        {
          "index_key": 0,
          "schema_version": 0,
          "attributes": {
            "arn": "arn:aws:ec2:us-west-1:079825609440:route-table/rtb-03bc2071c77422a77",
            "id": "rtb-03bc2071c77422a77",
            "owner_id": "079825609440",
            "propagating_vgws": [],
            "route": [],
            "tags": {
              "Environment": "dev",
              "Name": "vpc-dev-ayushsbankuno-public",
              "Project": "ayushsbankuno",
              "kubernetes.io/cluster/cluster-ayushsbankuno-8Jy5fNo3": "shared"
            },
            "tags_all": {
              "Environment": "dev",
              "Name": "vpc-dev-ayushsbankuno-public",
              "Project": "ayushsbankuno",
              "kubernetes.io/cluster/cluster-ayushsbankuno-8Jy5fNo3": "shared"
            },
            "vpc_id": "vpc-06fb76e1400c39479"
          },
          "sensitive_attributes": [],
          "private": "bnVsbA==",
          "dependencies": [
            "module.vpc.aws_vpc.this",
            "module.vpc.aws_vpc_ipv4_cidr_block_association.this",
            "random_string.suffix"
          ]
        }
      ]
    },
    {
      "module": "module.vpc",
      "mode": "managed",
      "type": "aws_route_table_association",
      "name": "private",
      "provider": "provider[\"registry.terraform.io/hashicorp/aws\"]",
      "instances": [
        {
          "index_key": 0,
          "schema_version": 0,
          "attributes": {
            "gateway_id": "",
            "id": "rtbassoc-0dedf39ea373b5e99",
            "route_table_id": "rtb-084acfe113bdab614",
            "subnet_id": "subnet-00ab12afb41887b73"
          },
          "sensitive_attributes": [],
          "private": "bnVsbA==",
          "dependencies": [
            "data.aws_availability_zones.available",
            "module.vpc.aws_route_table.private",
            "module.vpc.aws_subnet.private",
            "module.vpc.aws_vpc.this",
            "module.vpc.aws_vpc_ipv4_cidr_block_association.this",
            "random_string.suffix"
          ]
        },
        {
          "index_key": 1,
          "schema_version": 0,
          "attributes": {
            "gateway_id": "",
            "id": "rtbassoc-041caee05a4ae995a",
            "route_table_id": "rtb-084acfe113bdab614",
            "subnet_id": "subnet-069a263b94dfbe5bb"
          },
          "sensitive_attributes": [],
          "private": "bnVsbA==",
          "dependencies": [
            "data.aws_availability_zones.available",
            "module.vpc.aws_route_table.private",
            "module.vpc.aws_subnet.private",
            "module.vpc.aws_vpc.this",
            "module.vpc.aws_vpc_ipv4_cidr_block_association.this",
            "random_string.suffix"
          ]
        },
        {
          "index_key": 2,
          "schema_version": 0,
          "attributes": {
            "gateway_id": "",
            "id": "rtbassoc-0118821f81f4a2097",
            "route_table_id": "rtb-084acfe113bdab614",
            "subnet_id": "subnet-04d17589c7e6597af"
          },
          "sensitive_attributes": [],
          "private": "bnVsbA==",
          "dependencies": [
            "data.aws_availability_zones.available",
            "module.vpc.aws_route_table.private",
            "module.vpc.aws_subnet.private",
            "module.vpc.aws_vpc.this",
            "module.vpc.aws_vpc_ipv4_cidr_block_association.this",
            "random_string.suffix"
          ]
        }
      ]
    },
    {
      "module": "module.vpc",
      "mode": "managed",
      "type": "aws_route_table_association",
      "name": "public",
      "provider": "provider[\"registry.terraform.io/hashicorp/aws\"]",
      "instances": [
        {
          "index_key": 0,
          "schema_version": 0,
          "attributes": {
            "gateway_id": "",
            "id": "rtbassoc-014f17d07af29c479",
            "route_table_id": "rtb-03bc2071c77422a77",
            "subnet_id": "subnet-03e0a4764c6ba7711"
          },
          "sensitive_attributes": [],
          "private": "bnVsbA==",
          "dependencies": [
            "data.aws_availability_zones.available",
            "module.vpc.aws_route_table.public",
            "module.vpc.aws_subnet.public",
            "module.vpc.aws_vpc.this",
            "module.vpc.aws_vpc_ipv4_cidr_block_association.this",
            "random_string.suffix"
          ]
        },
        {
          "index_key": 1,
          "schema_version": 0,
          "attributes": {
            "gateway_id": "",
            "id": "rtbassoc-038553b2379975e4b",
            "route_table_id": "rtb-03bc2071c77422a77",
            "subnet_id": "subnet-0c6c4740547990c5a"
          },
          "sensitive_attributes": [],
          "private": "bnVsbA==",
          "dependencies": [
            "data.aws_availability_zones.available",
            "module.vpc.aws_route_table.public",
            "module.vpc.aws_subnet.public",
            "module.vpc.aws_vpc.this",
            "module.vpc.aws_vpc_ipv4_cidr_block_association.this",
            "random_string.suffix"
          ]
        },
        {
          "index_key": 2,
          "schema_version": 0,
          "attributes": {
            "gateway_id": "",
            "id": "rtbassoc-0831d0d955526dadb",
            "route_table_id": "rtb-03bc2071c77422a77",
            "subnet_id": "subnet-01a45d4437419a6db"
          },
          "sensitive_attributes": [],
          "private": "bnVsbA==",
          "dependencies": [
            "data.aws_availability_zones.available",
            "module.vpc.aws_route_table.public",
            "module.vpc.aws_subnet.public",
            "module.vpc.aws_vpc.this",
            "module.vpc.aws_vpc_ipv4_cidr_block_association.this",
            "random_string.suffix"
          ]
        }
      ]
    },
    {
      "module": "module.vpc",
      "mode": "managed",
      "type": "aws_subnet",
      "name": "private",
      "provider": "provider[\"registry.terraform.io/hashicorp/aws\"]",
      "instances": [
        {
          "index_key": 0,
          "schema_version": 1,
          "attributes": {
            "arn": "arn:aws:ec2:us-west-1:079825609440:subnet/subnet-00ab12afb41887b73",
            "assign_ipv6_address_on_creation": false,
            "availability_zone": "us-west-1a",
            "availability_zone_id": "usw1-az1",
            "cidr_block": "172.16.8.0/26",
            "customer_owned_ipv4_pool": "",
            "id": "subnet-00ab12afb41887b73",
            "ipv6_cidr_block": "",
            "ipv6_cidr_block_association_id": "",
            "map_customer_owned_ip_on_launch": false,
            "map_public_ip_on_launch": false,
            "outpost_arn": "",
            "owner_id": "079825609440",
            "tags": {
              "Environment": "dev",
              "Name": "vpc-dev-ayushsbankuno-private-us-west-1a",
              "Project": "ayushsbankuno",
              "kubernetes.io/cluster/cluster-ayushsbankuno-8Jy5fNo3": "shared",
              "kubernetes.io/role/internal-elb": "1"
            },
            "tags_all": {
              "Environment": "dev",
              "Name": "vpc-dev-ayushsbankuno-private-us-west-1a",
              "Project": "ayushsbankuno",
              "kubernetes.io/cluster/cluster-ayushsbankuno-8Jy5fNo3": "shared",
              "kubernetes.io/role/internal-elb": "1"
            },
            "timeouts": null,
            "vpc_id": "vpc-06fb76e1400c39479"
          },
          "sensitive_attributes": [],
          "private": "eyJlMmJmYjczMC1lY2FhLTExZTYtOGY4OC0zNDM2M2JjN2M0YzAiOnsiY3JlYXRlIjo2MDAwMDAwMDAwMDAsImRlbGV0ZSI6MTIwMDAwMDAwMDAwMH0sInNjaGVtYV92ZXJzaW9uIjoiMSJ9",
          "dependencies": [
            "data.aws_availability_zones.available",
            "module.vpc.aws_vpc.this",
            "module.vpc.aws_vpc_ipv4_cidr_block_association.this",
            "random_string.suffix"
          ],
          "create_before_destroy": true
        },
        {
          "index_key": 1,
          "schema_version": 1,
          "attributes": {
            "arn": "arn:aws:ec2:us-west-1:079825609440:subnet/subnet-069a263b94dfbe5bb",
            "assign_ipv6_address_on_creation": false,
            "availability_zone": "us-west-1c",
            "availability_zone_id": "usw1-az3",
            "cidr_block": "172.16.8.64/26",
            "customer_owned_ipv4_pool": "",
            "id": "subnet-069a263b94dfbe5bb",
            "ipv6_cidr_block": "",
            "ipv6_cidr_block_association_id": "",
            "map_customer_owned_ip_on_launch": false,
            "map_public_ip_on_launch": false,
            "outpost_arn": "",
            "owner_id": "079825609440",
            "tags": {
              "Environment": "dev",
              "Name": "vpc-dev-ayushsbankuno-private-us-west-1c",
              "Project": "ayushsbankuno",
              "kubernetes.io/cluster/cluster-ayushsbankuno-8Jy5fNo3": "shared",
              "kubernetes.io/role/internal-elb": "1"
            },
            "tags_all": {
              "Environment": "dev",
              "Name": "vpc-dev-ayushsbankuno-private-us-west-1c",
              "Project": "ayushsbankuno",
              "kubernetes.io/cluster/cluster-ayushsbankuno-8Jy5fNo3": "shared",
              "kubernetes.io/role/internal-elb": "1"
            },
            "timeouts": null,
            "vpc_id": "vpc-06fb76e1400c39479"
          },
          "sensitive_attributes": [],
          "private": "eyJlMmJmYjczMC1lY2FhLTExZTYtOGY4OC0zNDM2M2JjN2M0YzAiOnsiY3JlYXRlIjo2MDAwMDAwMDAwMDAsImRlbGV0ZSI6MTIwMDAwMDAwMDAwMH0sInNjaGVtYV92ZXJzaW9uIjoiMSJ9",
          "dependencies": [
            "data.aws_availability_zones.available",
            "module.vpc.aws_vpc.this",
            "module.vpc.aws_vpc_ipv4_cidr_block_association.this",
            "random_string.suffix"
          ],
          "create_before_destroy": true
        },
        {
          "index_key": 2,
          "schema_version": 1,
          "attributes": {
            "arn": "arn:aws:ec2:us-west-1:079825609440:subnet/subnet-04d17589c7e6597af",
            "assign_ipv6_address_on_creation": false,
            "availability_zone": "us-west-1a",
            "availability_zone_id": "usw1-az1",
            "cidr_block": "172.16.8.128/26",
            "customer_owned_ipv4_pool": "",
            "id": "subnet-04d17589c7e6597af",
            "ipv6_cidr_block": "",
            "ipv6_cidr_block_association_id": "",
            "map_customer_owned_ip_on_launch": false,
            "map_public_ip_on_launch": false,
            "outpost_arn": "",
            "owner_id": "079825609440",
            "tags": {
              "Environment": "dev",
              "Name": "vpc-dev-ayushsbankuno-private-us-west-1a",
              "Project": "ayushsbankuno",
              "kubernetes.io/cluster/cluster-ayushsbankuno-8Jy5fNo3": "shared",
              "kubernetes.io/role/internal-elb": "1"
            },
            "tags_all": {
              "Environment": "dev",
              "Name": "vpc-dev-ayushsbankuno-private-us-west-1a",
              "Project": "ayushsbankuno",
              "kubernetes.io/cluster/cluster-ayushsbankuno-8Jy5fNo3": "shared",
              "kubernetes.io/role/internal-elb": "1"
            },
            "timeouts": null,
            "vpc_id": "vpc-06fb76e1400c39479"
          },
          "sensitive_attributes": [],
          "private": "eyJlMmJmYjczMC1lY2FhLTExZTYtOGY4OC0zNDM2M2JjN2M0YzAiOnsiY3JlYXRlIjo2MDAwMDAwMDAwMDAsImRlbGV0ZSI6MTIwMDAwMDAwMDAwMH0sInNjaGVtYV92ZXJzaW9uIjoiMSJ9",
          "dependencies": [
            "data.aws_availability_zones.available",
            "module.vpc.aws_vpc.this",
            "module.vpc.aws_vpc_ipv4_cidr_block_association.this",
            "random_string.suffix"
          ],
          "create_before_destroy": true
        }
      ]
    },
    {
      "module": "module.vpc",
      "mode": "managed",
      "type": "aws_subnet",
      "name": "public",
      "provider": "provider[\"registry.terraform.io/hashicorp/aws\"]",
      "instances": [
        {
          "index_key": 0,
          "schema_version": 1,
          "attributes": {
            "arn": "arn:aws:ec2:us-west-1:079825609440:subnet/subnet-03e0a4764c6ba7711",
            "assign_ipv6_address_on_creation": false,
            "availability_zone": "us-west-1a",
            "availability_zone_id": "usw1-az1",
            "cidr_block": "172.16.8.192/26",
            "customer_owned_ipv4_pool": "",
            "id": "subnet-03e0a4764c6ba7711",
            "ipv6_cidr_block": "",
            "ipv6_cidr_block_association_id": "",
            "map_customer_owned_ip_on_launch": false,
            "map_public_ip_on_launch": true,
            "outpost_arn": "",
            "owner_id": "079825609440",
            "tags": {
              "Environment": "dev",
              "Name": "vpc-dev-ayushsbankuno-public-us-west-1a",
              "Project": "ayushsbankuno",
              "kubernetes.io/cluster/cluster-ayushsbankuno-8Jy5fNo3": "shared",
              "kubernetes.io/role/elb": "1"
            },
            "tags_all": {
              "Environment": "dev",
              "Name": "vpc-dev-ayushsbankuno-public-us-west-1a",
              "Project": "ayushsbankuno",
              "kubernetes.io/cluster/cluster-ayushsbankuno-8Jy5fNo3": "shared",
              "kubernetes.io/role/elb": "1"
            },
            "timeouts": null,
            "vpc_id": "vpc-06fb76e1400c39479"
          },
          "sensitive_attributes": [],
          "private": "eyJlMmJmYjczMC1lY2FhLTExZTYtOGY4OC0zNDM2M2JjN2M0YzAiOnsiY3JlYXRlIjo2MDAwMDAwMDAwMDAsImRlbGV0ZSI6MTIwMDAwMDAwMDAwMH0sInNjaGVtYV92ZXJzaW9uIjoiMSJ9",
          "dependencies": [
            "data.aws_availability_zones.available",
            "module.vpc.aws_vpc.this",
            "module.vpc.aws_vpc_ipv4_cidr_block_association.this",
            "random_string.suffix"
          ]
        },
        {
          "index_key": 1,
          "schema_version": 1,
          "attributes": {
            "arn": "arn:aws:ec2:us-west-1:079825609440:subnet/subnet-0c6c4740547990c5a",
            "assign_ipv6_address_on_creation": false,
            "availability_zone": "us-west-1c",
            "availability_zone_id": "usw1-az3",
            "cidr_block": "172.16.9.0/26",
            "customer_owned_ipv4_pool": "",
            "id": "subnet-0c6c4740547990c5a",
            "ipv6_cidr_block": "",
            "ipv6_cidr_block_association_id": "",
            "map_customer_owned_ip_on_launch": false,
            "map_public_ip_on_launch": true,
            "outpost_arn": "",
            "owner_id": "079825609440",
            "tags": {
              "Environment": "dev",
              "Name": "vpc-dev-ayushsbankuno-public-us-west-1c",
              "Project": "ayushsbankuno",
              "kubernetes.io/cluster/cluster-ayushsbankuno-8Jy5fNo3": "shared",
              "kubernetes.io/role/elb": "1"
            },
            "tags_all": {
              "Environment": "dev",
              "Name": "vpc-dev-ayushsbankuno-public-us-west-1c",
              "Project": "ayushsbankuno",
              "kubernetes.io/cluster/cluster-ayushsbankuno-8Jy5fNo3": "shared",
              "kubernetes.io/role/elb": "1"
            },
            "timeouts": null,
            "vpc_id": "vpc-06fb76e1400c39479"
          },
          "sensitive_attributes": [],
          "private": "eyJlMmJmYjczMC1lY2FhLTExZTYtOGY4OC0zNDM2M2JjN2M0YzAiOnsiY3JlYXRlIjo2MDAwMDAwMDAwMDAsImRlbGV0ZSI6MTIwMDAwMDAwMDAwMH0sInNjaGVtYV92ZXJzaW9uIjoiMSJ9",
          "dependencies": [
            "data.aws_availability_zones.available",
            "module.vpc.aws_vpc.this",
            "module.vpc.aws_vpc_ipv4_cidr_block_association.this",
            "random_string.suffix"
          ]
        },
        {
          "index_key": 2,
          "schema_version": 1,
          "attributes": {
            "arn": "arn:aws:ec2:us-west-1:079825609440:subnet/subnet-01a45d4437419a6db",
            "assign_ipv6_address_on_creation": false,
            "availability_zone": "us-west-1a",
            "availability_zone_id": "usw1-az1",
            "cidr_block": "172.16.9.64/26",
            "customer_owned_ipv4_pool": "",
            "id": "subnet-01a45d4437419a6db",
            "ipv6_cidr_block": "",
            "ipv6_cidr_block_association_id": "",
            "map_customer_owned_ip_on_launch": false,
            "map_public_ip_on_launch": true,
            "outpost_arn": "",
            "owner_id": "079825609440",
            "tags": {
              "Environment": "dev",
              "Name": "vpc-dev-ayushsbankuno-public-us-west-1a",
              "Project": "ayushsbankuno",
              "kubernetes.io/cluster/cluster-ayushsbankuno-8Jy5fNo3": "shared",
              "kubernetes.io/role/elb": "1"
            },
            "tags_all": {
              "Environment": "dev",
              "Name": "vpc-dev-ayushsbankuno-public-us-west-1a",
              "Project": "ayushsbankuno",
              "kubernetes.io/cluster/cluster-ayushsbankuno-8Jy5fNo3": "shared",
              "kubernetes.io/role/elb": "1"
            },
            "timeouts": null,
            "vpc_id": "vpc-06fb76e1400c39479"
          },
          "sensitive_attributes": [],
          "private": "eyJlMmJmYjczMC1lY2FhLTExZTYtOGY4OC0zNDM2M2JjN2M0YzAiOnsiY3JlYXRlIjo2MDAwMDAwMDAwMDAsImRlbGV0ZSI6MTIwMDAwMDAwMDAwMH0sInNjaGVtYV92ZXJzaW9uIjoiMSJ9",
          "dependencies": [
            "data.aws_availability_zones.available",
            "module.vpc.aws_vpc.this",
            "module.vpc.aws_vpc_ipv4_cidr_block_association.this",
            "random_string.suffix"
          ]
        }
      ]
    },
    {
      "module": "module.vpc",
      "mode": "managed",
      "type": "aws_vpc",
      "name": "this",
      "provider": "provider[\"registry.terraform.io/hashicorp/aws\"]",
      "instances": [
        {
          "index_key": 0,
          "schema_version": 1,
          "attributes": {
            "arn": "arn:aws:ec2:us-west-1:079825609440:vpc/vpc-06fb76e1400c39479",
            "assign_generated_ipv6_cidr_block": false,
            "cidr_block": "172.16.8.0/22",
            "default_network_acl_id": "acl-0a16c1dc05420eab6",
            "default_route_table_id": "rtb-0a017733f97ad9dfb",
            "default_security_group_id": "sg-038fd2d616fb7bb16",
            "dhcp_options_id": "dopt-677dbe01",
            "enable_classiclink": false,
            "enable_classiclink_dns_support": false,
            "enable_dns_hostnames": true,
            "enable_dns_support": true,
            "id": "vpc-06fb76e1400c39479",
            "instance_tenancy": "default",
            "ipv6_association_id": "",
            "ipv6_cidr_block": "",
            "main_route_table_id": "rtb-0a017733f97ad9dfb",
            "owner_id": "079825609440",
            "tags": {
              "Environment": "dev",
              "Name": "vpc-dev-ayushsbankuno",
              "Project": "ayushsbankuno",
              "kubernetes.io/cluster/cluster-ayushsbankuno-8Jy5fNo3": "shared"
            },
            "tags_all": {
              "Environment": "dev",
              "Name": "vpc-dev-ayushsbankuno",
              "Project": "ayushsbankuno",
              "kubernetes.io/cluster/cluster-ayushsbankuno-8Jy5fNo3": "shared"
            }
          },
          "sensitive_attributes": [],
          "private": "eyJzY2hlbWFfdmVyc2lvbiI6IjEifQ==",
          "dependencies": [
            "random_string.suffix"
          ],
          "create_before_destroy": true
        }
      ]
    }
  ]
}
